Microsoft Visual Studio Solution File, Format Version 13.00
# Visual Studio 2013
Project("{2150E333-8FDC-42A3-9474-1A3956D46DE8}") = "(client)", "..\..\tools\windows\converter\client", "{B05EE866-7301-8A46-8A8A-F9CEB18B6208}"
EndProject
Project("{2150E333-8FDC-42A3-9474-1A3956D46DE8}") = "(common)", "..\..\tools\windows\converter\common", "{86DDC42D-492A-B7E2-29A9-DBF1D1AEDD7A}"
EndProject
Project("{2150E333-8FDC-42A3-9474-1A3956D46DE8}") = "(unittests)", "..\..\tools\windows\converter\client\windows\unittests", "{42E42CDA-5FD3-9BC1-D8FF-44951E05E4D9}"
EndProject
Project("{2150E333-8FDC-42A3-9474-1A3956D46DE8}") = "(windows)", "..\..\tools\windows\converter\common\windows", "{33970CEB-6F70-7C5A-FAD3-E46F8BC37A5C}"
EndProject
Project("{2150E333-8FDC-42A3-9474-1A3956D46DE8}") = "(windows)", "..\..\tools\windows\converter\client\windows", "{96CB0F4F-A2EB-195A-B0B1-E4F2A2F4C03D}"
EndProject
Project("{8BC9CEB8-8B4A-11D0-8D11-00A0C91BC942}") = "common_windows_lib", "common_windows_lib.vcxproj", "{1538A61E-013A-5530-A7F8-AE55607AF150}"
	ProjectSection(ProjectDependencies) = postProject
		{6AFE1353-FD28-5A02-A9AF-76A98A8D0753} = {6AFE1353-FD28-5A02-A9AF-76A98A8D0753}
	EndProjectSection
EndProject
Project("{8BC9CEB8-8B4A-11D0-8D11-00A0C91BC942}") = "common_windows_unittests", "common_windows_unittests.vcxproj", "{59D8281E-49B9-0361-2BEB-722692EA8873}"
	ProjectSection(ProjectDependencies) = postProject
		{F02613D6-CAD4-E907-74B0-9DE7072E4E0E} = {F02613D6-CAD4-E907-74B0-9DE7072E4E0E}
		{36F01FED-4ABB-DD07-4F78-649F3CBB6C5F} = {36F01FED-4ABB-DD07-4F78-649F3CBB6C5F}
		{1538A61E-013A-5530-A7F8-AE55607AF150} = {1538A61E-013A-5530-A7F8-AE55607AF150}
		{6AFE1353-FD28-5A02-A9AF-76A98A8D0753} = {6AFE1353-FD28-5A02-A9AF-76A98A8D0753}
	EndProjectSection
EndProject
Project("{8BC9CEB8-8B4A-11D0-8D11-00A0C91BC942}") = "dia_sdk", "dia_sdk.vcxproj", "{6AFE1353-FD28-5A02-A9AF-76A98A8D0753}"
EndProject
Project("{8BC9CEB8-8B4A-11D0-8D11-00A0C91BC942}") = "gmock", "..\..\client\windows\unittests\gmock.vcxproj", "{F02613D6-CAD4-E907-74B0-9DE7072E4E0E}"
EndProject
Project("{8BC9CEB8-8B4A-11D0-8D11-00A0C91BC942}") = "gtest", "..\..\client\windows\unittests\gtest.vcxproj", "{36F01FED-4ABB-DD07-4F78-649F3CBB6C5F}"
EndProject
Global
	GlobalSection(SolutionConfigurationPlatforms) = preSolution
		Debug|Win32 = Debug|Win32
		Debug|x64 = Debug|x64
		Purify|Win32 = Purify|Win32
		Purify|x64 = Purify|x64
		Release|x64 = Release|x64
		Release|Win32 = Release|Win32
	EndGlobalSection
	GlobalSection(ProjectConfigurationPlatforms) = postSolution
		{1538A61E-013A-5530-A7F8-AE55607AF150}.Debug|Win32.ActiveCfg = Debug|Win32
		{1538A61E-013A-5530-A7F8-AE55607AF150}.Debug|Win32.Build.0 = Debug|Win32
		{1538A61E-013A-5530-A7F8-AE55607AF150}.Debug|x64.ActiveCfg = Debug|x64
		{1538A61E-013A-5530-A7F8-AE55607AF150}.Debug|x64.Build.0 = Debug|x64
		{1538A61E-013A-5530-A7F8-AE55607AF150}.Purify|Win32.ActiveCfg = Purify|Win32
		{1538A61E-013A-5530-A7F8-AE55607AF150}.Purify|Win32.Build.0 = Purify|Win32
		{1538A61E-013A-5530-A7F8-AE55607AF150}.Purify|x64.ActiveCfg = Purify|x64
		{1538A61E-013A-5530-A7F8-AE55607AF150}.Purify|x64.Build.0 = Purify|x64
		{1538A61E-013A-5530-A7F8-AE55607AF150}.Release|x64.ActiveCfg = Release|x64
		{1538A61E-013A-5530-A7F8-AE55607AF150}.Release|x64.Build.0 = Release|x64
		{1538A61E-013A-5530-A7F8-AE55607AF150}.Release|Win32.ActiveCfg = Release|Win32
		{1538A61E-013A-5530-A7F8-AE55607AF150}.Release|Win32.Build.0 = Release|Win32
		{36F01FED-4ABB-DD07-4F78-649F3CBB6C5F}.Debug|Win32.ActiveCfg = Debug|Win32
		{36F01FED-4ABB-DD07-4F78-649F3CBB6C5F}.Debug|Win32.Build.0 = Debug|Win32
		{36F01FED-4ABB-DD07-4F78-649F3CBB6C5F}.Debug|x64.ActiveCfg = Debug|x64
		{36F01FED-4ABB-DD07-4F78-649F3CBB6C5F}.Debug|x64.Build.0 = Debug|x64
		{36F01FED-4ABB-DD07-4F78-649F3CBB6C5F}.Purify|Win32.ActiveCfg = Purify|Win32
		{36F01FED-4ABB-DD07-4F78-649F3CBB6C5F}.Purify|Win32.Build.0 = Purify|Win32
		{36F01FED-4ABB-DD07-4F78-649F3CBB6C5F}.Purify|x64.ActiveCfg = Purify|x64
		{36F01FED-4ABB-DD07-4F78-649F3CBB6C5F}.Purify|x64.Build.0 = Purify|x64
		{36F01FED-4ABB-DD07-4F78-649F3CBB6C5F}.Release|x64.ActiveCfg = Release|x64
		{36F01FED-4ABB-DD07-4F78-649F3CBB6C5F}.Release|x64.Build.0 = Release|x64
		{36F01FED-4ABB-DD07-4F78-649F3CBB6C5F}.Release|Win32.ActiveCfg = Release|Win32
		{36F01FED-4ABB-DD07-4F78-649F3CBB6C5F}.Release|Win32.Build.0 = Release|Win32
		{59D8281E-49B9-0361-2BEB-722692EA8873}.Debug|Win32.ActiveCfg = Debug|Win32
		{59D8281E-49B9-0361-2BEB-722692EA8873}.Debug|Win32.Build.0 = Debug|Win32
		{59D8281E-49B9-0361-2BEB-722692EA8873}.Debug|x64.ActiveCfg = Debug|x64
		{59D8281E-49B9-0361-2BEB-722692EA8873}.Debug|x64.Build.0 = Debug|x64
		{59D8281E-49B9-0361-2BEB-722692EA8873}.Purify|Win32.ActiveCfg = Purify|Win32
		{59D8281E-49B9-0361-2BEB-722692EA8873}.Purify|Win32.Build.0 = Purify|Win32
		{59D8281E-49B9-0361-2BEB-722692EA8873}.Purify|x64.ActiveCfg = Purify|x64
		{59D8281E-49B9-0361-2BEB-722692EA8873}.Purify|x64.Build.0 = Purify|x64
		{59D8281E-49B9-0361-2BEB-722692EA8873}.Release|x64.ActiveCfg = Release|x64
		{59D8281E-49B9-0361-2BEB-722692EA8873}.Release|x64.Build.0 = Release|x64
		{59D8281E-49B9-0361-2BEB-722692EA8873}.Release|Win32.ActiveCfg = Release|Win32
		{59D8281E-49B9-0361-2BEB-722692EA8873}.Release|Win32.Build.0 = Release|Win32
		{6AFE1353-FD28-5A02-A9AF-76A98A8D0753}.Debug|Win32.ActiveCfg = Debug|Win32
		{6AFE1353-FD28-5A02-A9AF-76A98A8D0753}.Debug|Win32.Build.0 = Debug|Win32
		{6AFE1353-FD28-5A02-A9AF-76A98A8D0753}.Debug|x64.ActiveCfg = Debug|x64
		{6AFE1353-FD28-5A02-A9AF-76A98A8D0753}.Debug|x64.Build.0 = Debug|x64
		{6AFE1353-FD28-5A02-A9AF-76A98A8D0753}.Purify|Win32.ActiveCfg = Purify|Win32
		{6AFE1353-FD28-5A02-A9AF-76A98A8D0753}.Purify|Win32.Build.0 = Purify|Win32
		{6AFE1353-FD28-5A02-A9AF-76A98A8D0753}.Purify|x64.ActiveCfg = Purify|x64
		{6AFE1353-FD28-5A02-A9AF-76A98A8D0753}.Purify|x64.Build.0 = Purify|x64
		{6AFE1353-FD28-5A02-A9AF-76A98A8D0753}.Release|x64.ActiveCfg = Release|x64
		{6AFE1353-FD28-5A02-A9AF-76A98A8D0753}.Release|x64.Build.0 = Release|x64
		{6AFE1353-FD28-5A02-A9AF-76A98A8D0753}.Release|Win32.ActiveCfg = Release|Win32
		{6AFE1353-FD28-5A02-A9AF-76A98A8D0753}.Release|Win32.Build.0 = Release|Win32
		{F02613D6-CAD4-E907-74B0-9DE7072E4E0E}.Debug|Win32.ActiveCfg = Debug|Win32
		{F02613D6-CAD4-E907-74B0-9DE7072E4E0E}.Debug|Win32.Build.0 = Debug|Win32
		{F02613D6-CAD4-E907-74B0-9DE7072E4E0E}.Debug|x64.ActiveCfg = Debug|x64
		{F02613D6-CAD4-E907-74B0-9DE7072E4E0E}.Debug|x64.Build.0 = Debug|x64
		{F02613D6-CAD4-E907-74B0-9DE7072E4E0E}.Purify|Win32.ActiveCfg = Purify|Win32
		{F02613D6-CAD4-E907-74B0-9DE7072E4E0E}.Purify|Win32.Build.0 = Purify|Win32
		{F02613D6-CAD4-E907-74B0-9DE7072E4E0E}.Purify|x64.ActiveCfg = Purify|x64
		{F02613D6-CAD4-E907-74B0-9DE7072E4E0E}.Purify|x64.Build.0 = Purify|x64
		{F02613D6-CAD4-E907-74B0-9DE7072E4E0E}.Release|x64.ActiveCfg = Release|x64
		{F02613D6-CAD4-E907-74B0-9DE7072E4E0E}.Release|x64.Build.0 = Release|x64
		{F02613D6-CAD4-E907-74B0-9DE7072E4E0E}.Release|Win32.ActiveCfg = Release|Win32
		{F02613D6-CAD4-E907-74B0-9DE7072E4E0E}.Release|Win32.Build.0 = Release|Win32
	EndGlobalSection
	GlobalSection(SolutionProperties) = preSolution
		HideSolutionNode = FALSE
	EndGlobalSection
	GlobalSection(NestedProjects) = preSolution
		{96CB0F4F-A2EB-195A-B0B1-E4F2A2F4C03D} = {B05EE866-7301-8A46-8A8A-F9CEB18B6208}
		{33970CEB-6F70-7C5A-FAD3-E46F8BC37A5C} = {86DDC42D-492A-B7E2-29A9-DBF1D1AEDD7A}
		{F02613D6-CAD4-E907-74B0-9DE7072E4E0E} = {42E42CDA-5FD3-9BC1-D8FF-44951E05E4D9}
		{36F01FED-4ABB-DD07-4F78-649F3CBB6C5F} = {42E42CDA-5FD3-9BC1-D8FF-44951E05E4D9}
		{1538A61E-013A-5530-A7F8-AE55607AF150} = {33970CEB-6F70-7C5A-FAD3-E46F8BC37A5C}
		{59D8281E-49B9-0361-2BEB-722692EA8873} = {33970CEB-6F70-7C5A-FAD3-E46F8BC37A5C}
		{6AFE1353-FD28-5A02-A9AF-76A98A8D0753} = {33970CEB-6F70-7C5A-FAD3-E46F8BC37A5C}
		{42E42CDA-5FD3-9BC1-D8FF-44951E05E4D9} = {96CB0F4F-A2EB-195A-B0B1-E4F2A2F4C03D}
	EndGlobalSection
EndGlobal
