
Microsoft Visual Studio Solution File, Format Version 12.00
# Visual Studio 2013
VisualStudioVersion = 12.0.31101.0
MinimumVisualStudioVersion = 10.0.40219.1
Project("{2150E333-8FDC-42A3-9474-1A3956D46DE8}") = "google-breakpad", "google-breakpad", "{206AEE5D-EA55-424D-BFDE-F54BE59F2E15}"
EndProject
Project("{2150E333-8FDC-42A3-9474-1A3956D46DE8}") = "SMEWindow", "SMEWindow", "{0C77249C-11AA-4B20-B24E-9B1BB4F6E4C6}"
EndProject
Project("{8BC9CEB8-8B4A-11D0-8D11-00A0C91BC942}") = "exception_handler", "google-breakpad\src\client\windows\handler\exception_handler.vcxproj", "{D2921270-F22B-9E45-D11B-A9A9F381909F}"
EndProject
Project("{8BC9CEB8-8B4A-11D0-8D11-00A0C91BC942}") = "build_all", "google-breakpad\src\client\windows\build_all.vcxproj", "{3F75837B-F7F5-5F87-B8FE-42682C88E7F1}"
EndProject
Project("{8BC9CEB8-8B4A-11D0-8D11-00A0C91BC942}") = "crash_generation_client", "google-breakpad\src\client\windows\crash_generation\crash_generation_client.vcxproj", "{5DAE8FCF-9AF1-2A1D-C419-0C3FC6D93C7F}"
EndProject
Project("{8BC9CEB8-8B4A-11D0-8D11-00A0C91BC942}") = "crash_generation_server", "google-breakpad\src\client\windows\crash_generation\crash_generation_server.vcxproj", "{B984A5D6-73F4-EF0A-6117-F9116594EBB2}"
EndProject
Project("{8BC9CEB8-8B4A-11D0-8D11-00A0C91BC942}") = "common", "google-breakpad\src\client\windows\common.vcxproj", "{4ED48541-4F88-BEA7-7F51-2F7D869EF242}"
EndProject
Project("{8BC9CEB8-8B4A-11D0-8D11-00A0C91BC942}") = "crash_report_sender", "google-breakpad\src\client\windows\sender\crash_report_sender.vcxproj", "{17E44D94-2795-5E37-E3A1-918C31A4DCF2}"
EndProject
Project("{2150E333-8FDC-42A3-9474-1A3956D46DE8}") = "crash_generation", "crash_generation", "{40599091-38FB-4A58-A3DE-7A2DA8B37827}"
EndProject
Project("{2150E333-8FDC-42A3-9474-1A3956D46DE8}") = "handler", "handler", "{A41D071B-355B-4F78-9F5A-CA911F9F487A}"
EndProject
Project("{2150E333-8FDC-42A3-9474-1A3956D46DE8}") = "sender", "sender", "{95DEF539-F2D5-4953-9246-901BA0370452}"
EndProject
Project("{2150E333-8FDC-42A3-9474-1A3956D46DE8}") = "test", "test", "{8FEAABAE-FA34-4ECB-A5EC-C93555F6F1D0}"
EndProject
Project("{8BC9CEB8-8B4A-11D0-8D11-00A0C91BC942}") = "crash_gen_testclient", "google-breakpad\test\crash_gen_testclient\crash_gen_testclient.vcxproj", "{38EE9A98-7923-4AF8-A395-81DF28821C0A}"
EndProject
Project("{8BC9CEB8-8B4A-11D0-8D11-00A0C91BC942}") = "crash_gen_testserver", "google-breakpad\test\crash_gen_testserver\crash_gen_testserver.vcxproj", "{D3976B05-5C04-4EF6-BA73-0BDF29AC5BCC}"
EndProject
Project("{2150E333-8FDC-42A3-9474-1A3956D46DE8}") = "error_gen", "error_gen", "{0036B0ED-14FF-4CE6-9F11-F499A7F12ADA}"
EndProject
Project("{FAE04EC0-301F-11D3-BF4B-00C04F79EFBC}") = "SMEWindow", "SMEWindow\SMEWindow\SMEWindow.csproj", "{974B5C4F-E77E-4FA1-AB6C-A5B9B857FEA6}"
EndProject
Project("{8BC9CEB8-8B4A-11D0-8D11-00A0C91BC942}") = "breakpadWrapper", "SMEWindow\breakpadWrapper\breakpadWrapper.vcxproj", "{F3FC2A53-6BF6-4AAA-8F9F-8A585BD36FDE}"
EndProject
Project("{8BC9CEB8-8B4A-11D0-8D11-00A0C91BC942}") = "managedCal", "SMEWindow\error_gen\managedCal\managedCal.vcxproj", "{1FD816E4-78B0-4F14-8B44-CC19B288DA13}"
EndProject
Project("{8BC9CEB8-8B4A-11D0-8D11-00A0C91BC942}") = "UnmanagedCal", "SMEWindow\error_gen\UnmanagedCal\UnmanagedCal.vcxproj", "{A616D106-6589-4E6D-82FF-45555530F2B2}"
EndProject
Project("{FAE04EC0-301F-11D3-BF4B-00C04F79EFBC}") = "SMETestServer", "SMEWindow\test\SMETestServer\SMETestServer.csproj", "{6259E060-E285-44C6-9156-6E0D6603A038}"
EndProject
Project("{FAE04EC0-301F-11D3-BF4B-00C04F79EFBC}") = "SMETestClient", "SMEWindow\test\SMETestClient\SMETestClient.csproj", "{29E58794-FD90-4C0C-9D22-775123928B01}"
EndProject
Project("{FAE04EC0-301F-11D3-BF4B-00C04F79EFBC}") = "NetLib", "SMEWindow\NetLib\NetLib.csproj", "{EF13C77A-1405-45BC-BA8B-7122CB81FA25}"
EndProject
Project("{FAE04EC0-301F-11D3-BF4B-00C04F79EFBC}") = "SMEWindow_Server", "SMEWindow\SMEWindow_Server\SMEWindow_Server.csproj", "{E05D8615-607F-47C3-914E-7BACB5D277F0}"
EndProject
Project("{FAE04EC0-301F-11D3-BF4B-00C04F79EFBC}") = "DumpReader", "SMEWindow\DumpReader\DumpReader.csproj", "{F049C569-88D3-46F3-9B63-1698FB0F0843}"
EndProject
Project("{2150E333-8FDC-42A3-9474-1A3956D46DE8}") = "breakpad_test", "breakpad_test", "{94A61791-995A-4D5D-AC4A-4AA6AC8BC02A}"
EndProject
Global
	GlobalSection(SolutionConfigurationPlatforms) = preSolution
		Debug|Any CPU = Debug|Any CPU
		Debug|Mixed Platforms = Debug|Mixed Platforms
		Debug|Win32 = Debug|Win32
		Debug|x64 = Debug|x64
		Purify|Any CPU = Purify|Any CPU
		Purify|Mixed Platforms = Purify|Mixed Platforms
		Purify|Win32 = Purify|Win32
		Purify|x64 = Purify|x64
		Release|Any CPU = Release|Any CPU
		Release|Mixed Platforms = Release|Mixed Platforms
		Release|Win32 = Release|Win32
		Release|x64 = Release|x64
	EndGlobalSection
	GlobalSection(ProjectConfigurationPlatforms) = postSolution
		{D2921270-F22B-9E45-D11B-A9A9F381909F}.Debug|Any CPU.ActiveCfg = Debug|Win32
		{D2921270-F22B-9E45-D11B-A9A9F381909F}.Debug|Mixed Platforms.ActiveCfg = Debug|Win32
		{D2921270-F22B-9E45-D11B-A9A9F381909F}.Debug|Mixed Platforms.Build.0 = Debug|Win32
		{D2921270-F22B-9E45-D11B-A9A9F381909F}.Debug|Win32.ActiveCfg = Debug|Win32
		{D2921270-F22B-9E45-D11B-A9A9F381909F}.Debug|Win32.Build.0 = Debug|Win32
		{D2921270-F22B-9E45-D11B-A9A9F381909F}.Debug|x64.ActiveCfg = Debug|x64
		{D2921270-F22B-9E45-D11B-A9A9F381909F}.Debug|x64.Build.0 = Debug|x64
		{D2921270-F22B-9E45-D11B-A9A9F381909F}.Purify|Any CPU.ActiveCfg = Purify|Win32
		{D2921270-F22B-9E45-D11B-A9A9F381909F}.Purify|Mixed Platforms.ActiveCfg = Purify|Win32
		{D2921270-F22B-9E45-D11B-A9A9F381909F}.Purify|Mixed Platforms.Build.0 = Purify|Win32
		{D2921270-F22B-9E45-D11B-A9A9F381909F}.Purify|Win32.ActiveCfg = Purify|Win32
		{D2921270-F22B-9E45-D11B-A9A9F381909F}.Purify|Win32.Build.0 = Purify|Win32
		{D2921270-F22B-9E45-D11B-A9A9F381909F}.Purify|x64.ActiveCfg = Purify|x64
		{D2921270-F22B-9E45-D11B-A9A9F381909F}.Purify|x64.Build.0 = Purify|x64
		{D2921270-F22B-9E45-D11B-A9A9F381909F}.Release|Any CPU.ActiveCfg = Release|Win32
		{D2921270-F22B-9E45-D11B-A9A9F381909F}.Release|Mixed Platforms.ActiveCfg = Release|Win32
		{D2921270-F22B-9E45-D11B-A9A9F381909F}.Release|Mixed Platforms.Build.0 = Release|Win32
		{D2921270-F22B-9E45-D11B-A9A9F381909F}.Release|Win32.ActiveCfg = Release|Win32
		{D2921270-F22B-9E45-D11B-A9A9F381909F}.Release|Win32.Build.0 = Release|Win32
		{D2921270-F22B-9E45-D11B-A9A9F381909F}.Release|x64.ActiveCfg = Release|x64
		{D2921270-F22B-9E45-D11B-A9A9F381909F}.Release|x64.Build.0 = Release|x64
		{3F75837B-F7F5-5F87-B8FE-42682C88E7F1}.Debug|Any CPU.ActiveCfg = Debug|Win32
		{3F75837B-F7F5-5F87-B8FE-42682C88E7F1}.Debug|Mixed Platforms.ActiveCfg = Debug|Win32
		{3F75837B-F7F5-5F87-B8FE-42682C88E7F1}.Debug|Mixed Platforms.Build.0 = Debug|Win32
		{3F75837B-F7F5-5F87-B8FE-42682C88E7F1}.Debug|Win32.ActiveCfg = Debug|Win32
		{3F75837B-F7F5-5F87-B8FE-42682C88E7F1}.Debug|Win32.Build.0 = Debug|Win32
		{3F75837B-F7F5-5F87-B8FE-42682C88E7F1}.Debug|x64.ActiveCfg = Debug|x64
		{3F75837B-F7F5-5F87-B8FE-42682C88E7F1}.Debug|x64.Build.0 = Debug|x64
		{3F75837B-F7F5-5F87-B8FE-42682C88E7F1}.Purify|Any CPU.ActiveCfg = Purify|Win32
		{3F75837B-F7F5-5F87-B8FE-42682C88E7F1}.Purify|Mixed Platforms.ActiveCfg = Purify|Win32
		{3F75837B-F7F5-5F87-B8FE-42682C88E7F1}.Purify|Mixed Platforms.Build.0 = Purify|Win32
		{3F75837B-F7F5-5F87-B8FE-42682C88E7F1}.Purify|Win32.ActiveCfg = Purify|Win32
		{3F75837B-F7F5-5F87-B8FE-42682C88E7F1}.Purify|Win32.Build.0 = Purify|Win32
		{3F75837B-F7F5-5F87-B8FE-42682C88E7F1}.Purify|x64.ActiveCfg = Purify|x64
		{3F75837B-F7F5-5F87-B8FE-42682C88E7F1}.Purify|x64.Build.0 = Purify|x64
		{3F75837B-F7F5-5F87-B8FE-42682C88E7F1}.Release|Any CPU.ActiveCfg = Release|Win32
		{3F75837B-F7F5-5F87-B8FE-42682C88E7F1}.Release|Mixed Platforms.ActiveCfg = Release|Win32
		{3F75837B-F7F5-5F87-B8FE-42682C88E7F1}.Release|Mixed Platforms.Build.0 = Release|Win32
		{3F75837B-F7F5-5F87-B8FE-42682C88E7F1}.Release|Win32.ActiveCfg = Release|Win32
		{3F75837B-F7F5-5F87-B8FE-42682C88E7F1}.Release|Win32.Build.0 = Release|Win32
		{3F75837B-F7F5-5F87-B8FE-42682C88E7F1}.Release|x64.ActiveCfg = Release|x64
		{3F75837B-F7F5-5F87-B8FE-42682C88E7F1}.Release|x64.Build.0 = Release|x64
		{5DAE8FCF-9AF1-2A1D-C419-0C3FC6D93C7F}.Debug|Any CPU.ActiveCfg = Debug|Win32
		{5DAE8FCF-9AF1-2A1D-C419-0C3FC6D93C7F}.Debug|Mixed Platforms.ActiveCfg = Debug|Win32
		{5DAE8FCF-9AF1-2A1D-C419-0C3FC6D93C7F}.Debug|Mixed Platforms.Build.0 = Debug|Win32
		{5DAE8FCF-9AF1-2A1D-C419-0C3FC6D93C7F}.Debug|Win32.ActiveCfg = Debug|Win32
		{5DAE8FCF-9AF1-2A1D-C419-0C3FC6D93C7F}.Debug|Win32.Build.0 = Debug|Win32
		{5DAE8FCF-9AF1-2A1D-C419-0C3FC6D93C7F}.Debug|x64.ActiveCfg = Debug|x64
		{5DAE8FCF-9AF1-2A1D-C419-0C3FC6D93C7F}.Debug|x64.Build.0 = Debug|x64
		{5DAE8FCF-9AF1-2A1D-C419-0C3FC6D93C7F}.Purify|Any CPU.ActiveCfg = Purify|Win32
		{5DAE8FCF-9AF1-2A1D-C419-0C3FC6D93C7F}.Purify|Mixed Platforms.ActiveCfg = Purify|Win32
		{5DAE8FCF-9AF1-2A1D-C419-0C3FC6D93C7F}.Purify|Mixed Platforms.Build.0 = Purify|Win32
		{5DAE8FCF-9AF1-2A1D-C419-0C3FC6D93C7F}.Purify|Win32.ActiveCfg = Purify|Win32
		{5DAE8FCF-9AF1-2A1D-C419-0C3FC6D93C7F}.Purify|Win32.Build.0 = Purify|Win32
		{5DAE8FCF-9AF1-2A1D-C419-0C3FC6D93C7F}.Purify|x64.ActiveCfg = Purify|x64
		{5DAE8FCF-9AF1-2A1D-C419-0C3FC6D93C7F}.Purify|x64.Build.0 = Purify|x64
		{5DAE8FCF-9AF1-2A1D-C419-0C3FC6D93C7F}.Release|Any CPU.ActiveCfg = Release|Win32
		{5DAE8FCF-9AF1-2A1D-C419-0C3FC6D93C7F}.Release|Mixed Platforms.ActiveCfg = Release|Win32
		{5DAE8FCF-9AF1-2A1D-C419-0C3FC6D93C7F}.Release|Mixed Platforms.Build.0 = Release|Win32
		{5DAE8FCF-9AF1-2A1D-C419-0C3FC6D93C7F}.Release|Win32.ActiveCfg = Release|Win32
		{5DAE8FCF-9AF1-2A1D-C419-0C3FC6D93C7F}.Release|Win32.Build.0 = Release|Win32
		{5DAE8FCF-9AF1-2A1D-C419-0C3FC6D93C7F}.Release|x64.ActiveCfg = Release|x64
		{5DAE8FCF-9AF1-2A1D-C419-0C3FC6D93C7F}.Release|x64.Build.0 = Release|x64
		{B984A5D6-73F4-EF0A-6117-F9116594EBB2}.Debug|Any CPU.ActiveCfg = Debug|Win32
		{B984A5D6-73F4-EF0A-6117-F9116594EBB2}.Debug|Mixed Platforms.ActiveCfg = Debug|Win32
		{B984A5D6-73F4-EF0A-6117-F9116594EBB2}.Debug|Mixed Platforms.Build.0 = Debug|Win32
		{B984A5D6-73F4-EF0A-6117-F9116594EBB2}.Debug|Win32.ActiveCfg = Debug|Win32
		{B984A5D6-73F4-EF0A-6117-F9116594EBB2}.Debug|Win32.Build.0 = Debug|Win32
		{B984A5D6-73F4-EF0A-6117-F9116594EBB2}.Debug|x64.ActiveCfg = Debug|x64
		{B984A5D6-73F4-EF0A-6117-F9116594EBB2}.Debug|x64.Build.0 = Debug|x64
		{B984A5D6-73F4-EF0A-6117-F9116594EBB2}.Purify|Any CPU.ActiveCfg = Purify|Win32
		{B984A5D6-73F4-EF0A-6117-F9116594EBB2}.Purify|Mixed Platforms.ActiveCfg = Purify|Win32
		{B984A5D6-73F4-EF0A-6117-F9116594EBB2}.Purify|Mixed Platforms.Build.0 = Purify|Win32
		{B984A5D6-73F4-EF0A-6117-F9116594EBB2}.Purify|Win32.ActiveCfg = Purify|Win32
		{B984A5D6-73F4-EF0A-6117-F9116594EBB2}.Purify|Win32.Build.0 = Purify|Win32
		{B984A5D6-73F4-EF0A-6117-F9116594EBB2}.Purify|x64.ActiveCfg = Purify|x64
		{B984A5D6-73F4-EF0A-6117-F9116594EBB2}.Purify|x64.Build.0 = Purify|x64
		{B984A5D6-73F4-EF0A-6117-F9116594EBB2}.Release|Any CPU.ActiveCfg = Release|Win32
		{B984A5D6-73F4-EF0A-6117-F9116594EBB2}.Release|Mixed Platforms.ActiveCfg = Release|Win32
		{B984A5D6-73F4-EF0A-6117-F9116594EBB2}.Release|Mixed Platforms.Build.0 = Release|Win32
		{B984A5D6-73F4-EF0A-6117-F9116594EBB2}.Release|Win32.ActiveCfg = Release|Win32
		{B984A5D6-73F4-EF0A-6117-F9116594EBB2}.Release|Win32.Build.0 = Release|Win32
		{B984A5D6-73F4-EF0A-6117-F9116594EBB2}.Release|x64.ActiveCfg = Release|x64
		{B984A5D6-73F4-EF0A-6117-F9116594EBB2}.Release|x64.Build.0 = Release|x64
		{4ED48541-4F88-BEA7-7F51-2F7D869EF242}.Debug|Any CPU.ActiveCfg = Debug|Win32
		{4ED48541-4F88-BEA7-7F51-2F7D869EF242}.Debug|Mixed Platforms.ActiveCfg = Debug|Win32
		{4ED48541-4F88-BEA7-7F51-2F7D869EF242}.Debug|Mixed Platforms.Build.0 = Debug|Win32
		{4ED48541-4F88-BEA7-7F51-2F7D869EF242}.Debug|Win32.ActiveCfg = Debug|Win32
		{4ED48541-4F88-BEA7-7F51-2F7D869EF242}.Debug|Win32.Build.0 = Debug|Win32
		{4ED48541-4F88-BEA7-7F51-2F7D869EF242}.Debug|x64.ActiveCfg = Debug|x64
		{4ED48541-4F88-BEA7-7F51-2F7D869EF242}.Debug|x64.Build.0 = Debug|x64
		{4ED48541-4F88-BEA7-7F51-2F7D869EF242}.Purify|Any CPU.ActiveCfg = Purify|Win32
		{4ED48541-4F88-BEA7-7F51-2F7D869EF242}.Purify|Mixed Platforms.ActiveCfg = Purify|Win32
		{4ED48541-4F88-BEA7-7F51-2F7D869EF242}.Purify|Mixed Platforms.Build.0 = Purify|Win32
		{4ED48541-4F88-BEA7-7F51-2F7D869EF242}.Purify|Win32.ActiveCfg = Purify|Win32
		{4ED48541-4F88-BEA7-7F51-2F7D869EF242}.Purify|Win32.Build.0 = Purify|Win32
		{4ED48541-4F88-BEA7-7F51-2F7D869EF242}.Purify|x64.ActiveCfg = Purify|x64
		{4ED48541-4F88-BEA7-7F51-2F7D869EF242}.Purify|x64.Build.0 = Purify|x64
		{4ED48541-4F88-BEA7-7F51-2F7D869EF242}.Release|Any CPU.ActiveCfg = Release|Win32
		{4ED48541-4F88-BEA7-7F51-2F7D869EF242}.Release|Mixed Platforms.ActiveCfg = Release|Win32
		{4ED48541-4F88-BEA7-7F51-2F7D869EF242}.Release|Mixed Platforms.Build.0 = Release|Win32
		{4ED48541-4F88-BEA7-7F51-2F7D869EF242}.Release|Win32.ActiveCfg = Release|Win32
		{4ED48541-4F88-BEA7-7F51-2F7D869EF242}.Release|Win32.Build.0 = Release|Win32
		{4ED48541-4F88-BEA7-7F51-2F7D869EF242}.Release|x64.ActiveCfg = Release|x64
		{4ED48541-4F88-BEA7-7F51-2F7D869EF242}.Release|x64.Build.0 = Release|x64
		{17E44D94-2795-5E37-E3A1-918C31A4DCF2}.Debug|Any CPU.ActiveCfg = Debug|Win32
		{17E44D94-2795-5E37-E3A1-918C31A4DCF2}.Debug|Mixed Platforms.ActiveCfg = Debug|Win32
		{17E44D94-2795-5E37-E3A1-918C31A4DCF2}.Debug|Mixed Platforms.Build.0 = Debug|Win32
		{17E44D94-2795-5E37-E3A1-918C31A4DCF2}.Debug|Win32.ActiveCfg = Debug|Win32
		{17E44D94-2795-5E37-E3A1-918C31A4DCF2}.Debug|Win32.Build.0 = Debug|Win32
		{17E44D94-2795-5E37-E3A1-918C31A4DCF2}.Debug|x64.ActiveCfg = Debug|x64
		{17E44D94-2795-5E37-E3A1-918C31A4DCF2}.Debug|x64.Build.0 = Debug|x64
		{17E44D94-2795-5E37-E3A1-918C31A4DCF2}.Purify|Any CPU.ActiveCfg = Purify|Win32
		{17E44D94-2795-5E37-E3A1-918C31A4DCF2}.Purify|Mixed Platforms.ActiveCfg = Purify|Win32
		{17E44D94-2795-5E37-E3A1-918C31A4DCF2}.Purify|Mixed Platforms.Build.0 = Purify|Win32
		{17E44D94-2795-5E37-E3A1-918C31A4DCF2}.Purify|Win32.ActiveCfg = Purify|Win32
		{17E44D94-2795-5E37-E3A1-918C31A4DCF2}.Purify|Win32.Build.0 = Purify|Win32
		{17E44D94-2795-5E37-E3A1-918C31A4DCF2}.Purify|x64.ActiveCfg = Purify|x64
		{17E44D94-2795-5E37-E3A1-918C31A4DCF2}.Purify|x64.Build.0 = Purify|x64
		{17E44D94-2795-5E37-E3A1-918C31A4DCF2}.Release|Any CPU.ActiveCfg = Release|Win32
		{17E44D94-2795-5E37-E3A1-918C31A4DCF2}.Release|Mixed Platforms.ActiveCfg = Release|Win32
		{17E44D94-2795-5E37-E3A1-918C31A4DCF2}.Release|Mixed Platforms.Build.0 = Release|Win32
		{17E44D94-2795-5E37-E3A1-918C31A4DCF2}.Release|Win32.ActiveCfg = Release|Win32
		{17E44D94-2795-5E37-E3A1-918C31A4DCF2}.Release|Win32.Build.0 = Release|Win32
		{17E44D94-2795-5E37-E3A1-918C31A4DCF2}.Release|x64.ActiveCfg = Release|x64
		{17E44D94-2795-5E37-E3A1-918C31A4DCF2}.Release|x64.Build.0 = Release|x64
		{38EE9A98-7923-4AF8-A395-81DF28821C0A}.Debug|Any CPU.ActiveCfg = Debug|Win32
		{38EE9A98-7923-4AF8-A395-81DF28821C0A}.Debug|Mixed Platforms.ActiveCfg = Debug|Win32
		{38EE9A98-7923-4AF8-A395-81DF28821C0A}.Debug|Mixed Platforms.Build.0 = Debug|Win32
		{38EE9A98-7923-4AF8-A395-81DF28821C0A}.Debug|Win32.ActiveCfg = Debug|Win32
		{38EE9A98-7923-4AF8-A395-81DF28821C0A}.Debug|Win32.Build.0 = Debug|Win32
		{38EE9A98-7923-4AF8-A395-81DF28821C0A}.Debug|x64.ActiveCfg = Debug|Win32
		{38EE9A98-7923-4AF8-A395-81DF28821C0A}.Purify|Any CPU.ActiveCfg = Release|Win32
		{38EE9A98-7923-4AF8-A395-81DF28821C0A}.Purify|Mixed Platforms.ActiveCfg = Release|Win32
		{38EE9A98-7923-4AF8-A395-81DF28821C0A}.Purify|Mixed Platforms.Build.0 = Release|Win32
		{38EE9A98-7923-4AF8-A395-81DF28821C0A}.Purify|Win32.ActiveCfg = Release|Win32
		{38EE9A98-7923-4AF8-A395-81DF28821C0A}.Purify|Win32.Build.0 = Release|Win32
		{38EE9A98-7923-4AF8-A395-81DF28821C0A}.Purify|x64.ActiveCfg = Release|Win32
		{38EE9A98-7923-4AF8-A395-81DF28821C0A}.Release|Any CPU.ActiveCfg = Release|Win32
		{38EE9A98-7923-4AF8-A395-81DF28821C0A}.Release|Mixed Platforms.ActiveCfg = Release|Win32
		{38EE9A98-7923-4AF8-A395-81DF28821C0A}.Release|Mixed Platforms.Build.0 = Release|Win32
		{38EE9A98-7923-4AF8-A395-81DF28821C0A}.Release|Win32.ActiveCfg = Release|Win32
		{38EE9A98-7923-4AF8-A395-81DF28821C0A}.Release|Win32.Build.0 = Release|Win32
		{38EE9A98-7923-4AF8-A395-81DF28821C0A}.Release|x64.ActiveCfg = Release|Win32
		{D3976B05-5C04-4EF6-BA73-0BDF29AC5BCC}.Debug|Any CPU.ActiveCfg = Debug|Win32
		{D3976B05-5C04-4EF6-BA73-0BDF29AC5BCC}.Debug|Mixed Platforms.ActiveCfg = Debug|Win32
		{D3976B05-5C04-4EF6-BA73-0BDF29AC5BCC}.Debug|Mixed Platforms.Build.0 = Debug|Win32
		{D3976B05-5C04-4EF6-BA73-0BDF29AC5BCC}.Debug|Win32.ActiveCfg = Debug|Win32
		{D3976B05-5C04-4EF6-BA73-0BDF29AC5BCC}.Debug|Win32.Build.0 = Debug|Win32
		{D3976B05-5C04-4EF6-BA73-0BDF29AC5BCC}.Debug|x64.ActiveCfg = Debug|Win32
		{D3976B05-5C04-4EF6-BA73-0BDF29AC5BCC}.Purify|Any CPU.ActiveCfg = Release|Win32
		{D3976B05-5C04-4EF6-BA73-0BDF29AC5BCC}.Purify|Mixed Platforms.ActiveCfg = Release|Win32
		{D3976B05-5C04-4EF6-BA73-0BDF29AC5BCC}.Purify|Mixed Platforms.Build.0 = Release|Win32
		{D3976B05-5C04-4EF6-BA73-0BDF29AC5BCC}.Purify|Win32.ActiveCfg = Release|Win32
		{D3976B05-5C04-4EF6-BA73-0BDF29AC5BCC}.Purify|Win32.Build.0 = Release|Win32
		{D3976B05-5C04-4EF6-BA73-0BDF29AC5BCC}.Purify|x64.ActiveCfg = Release|Win32
		{D3976B05-5C04-4EF6-BA73-0BDF29AC5BCC}.Release|Any CPU.ActiveCfg = Release|Win32
		{D3976B05-5C04-4EF6-BA73-0BDF29AC5BCC}.Release|Mixed Platforms.ActiveCfg = Release|Win32
		{D3976B05-5C04-4EF6-BA73-0BDF29AC5BCC}.Release|Mixed Platforms.Build.0 = Release|Win32
		{D3976B05-5C04-4EF6-BA73-0BDF29AC5BCC}.Release|Win32.ActiveCfg = Release|Win32
		{D3976B05-5C04-4EF6-BA73-0BDF29AC5BCC}.Release|Win32.Build.0 = Release|Win32
		{D3976B05-5C04-4EF6-BA73-0BDF29AC5BCC}.Release|x64.ActiveCfg = Release|Win32
		{974B5C4F-E77E-4FA1-AB6C-A5B9B857FEA6}.Debug|Any CPU.ActiveCfg = Debug|Any CPU
		{974B5C4F-E77E-4FA1-AB6C-A5B9B857FEA6}.Debug|Any CPU.Build.0 = Debug|Any CPU
		{974B5C4F-E77E-4FA1-AB6C-A5B9B857FEA6}.Debug|Mixed Platforms.ActiveCfg = Debug|Any CPU
		{974B5C4F-E77E-4FA1-AB6C-A5B9B857FEA6}.Debug|Mixed Platforms.Build.0 = Debug|Any CPU
		{974B5C4F-E77E-4FA1-AB6C-A5B9B857FEA6}.Debug|Win32.ActiveCfg = Debug|Any CPU
		{974B5C4F-E77E-4FA1-AB6C-A5B9B857FEA6}.Debug|x64.ActiveCfg = Debug|Any CPU
		{974B5C4F-E77E-4FA1-AB6C-A5B9B857FEA6}.Purify|Any CPU.ActiveCfg = Release|Any CPU
		{974B5C4F-E77E-4FA1-AB6C-A5B9B857FEA6}.Purify|Any CPU.Build.0 = Release|Any CPU
		{974B5C4F-E77E-4FA1-AB6C-A5B9B857FEA6}.Purify|Mixed Platforms.ActiveCfg = Release|Any CPU
		{974B5C4F-E77E-4FA1-AB6C-A5B9B857FEA6}.Purify|Mixed Platforms.Build.0 = Release|Any CPU
		{974B5C4F-E77E-4FA1-AB6C-A5B9B857FEA6}.Purify|Win32.ActiveCfg = Release|Any CPU
		{974B5C4F-E77E-4FA1-AB6C-A5B9B857FEA6}.Purify|x64.ActiveCfg = Release|Any CPU
		{974B5C4F-E77E-4FA1-AB6C-A5B9B857FEA6}.Release|Any CPU.ActiveCfg = Release|Any CPU
		{974B5C4F-E77E-4FA1-AB6C-A5B9B857FEA6}.Release|Any CPU.Build.0 = Release|Any CPU
		{974B5C4F-E77E-4FA1-AB6C-A5B9B857FEA6}.Release|Mixed Platforms.ActiveCfg = Release|Any CPU
		{974B5C4F-E77E-4FA1-AB6C-A5B9B857FEA6}.Release|Mixed Platforms.Build.0 = Release|Any CPU
		{974B5C4F-E77E-4FA1-AB6C-A5B9B857FEA6}.Release|Win32.ActiveCfg = Release|Any CPU
		{974B5C4F-E77E-4FA1-AB6C-A5B9B857FEA6}.Release|x64.ActiveCfg = Release|Any CPU
		{F3FC2A53-6BF6-4AAA-8F9F-8A585BD36FDE}.Debug|Any CPU.ActiveCfg = Debug|Win32
		{F3FC2A53-6BF6-4AAA-8F9F-8A585BD36FDE}.Debug|Mixed Platforms.ActiveCfg = Debug|Win32
		{F3FC2A53-6BF6-4AAA-8F9F-8A585BD36FDE}.Debug|Mixed Platforms.Build.0 = Debug|Win32
		{F3FC2A53-6BF6-4AAA-8F9F-8A585BD36FDE}.Debug|Win32.ActiveCfg = Debug|Win32
		{F3FC2A53-6BF6-4AAA-8F9F-8A585BD36FDE}.Debug|Win32.Build.0 = Debug|Win32
		{F3FC2A53-6BF6-4AAA-8F9F-8A585BD36FDE}.Debug|x64.ActiveCfg = Debug|Win32
		{F3FC2A53-6BF6-4AAA-8F9F-8A585BD36FDE}.Purify|Any CPU.ActiveCfg = Release|Win32
		{F3FC2A53-6BF6-4AAA-8F9F-8A585BD36FDE}.Purify|Mixed Platforms.ActiveCfg = Release|Win32
		{F3FC2A53-6BF6-4AAA-8F9F-8A585BD36FDE}.Purify|Mixed Platforms.Build.0 = Release|Win32
		{F3FC2A53-6BF6-4AAA-8F9F-8A585BD36FDE}.Purify|Win32.ActiveCfg = Release|Win32
		{F3FC2A53-6BF6-4AAA-8F9F-8A585BD36FDE}.Purify|Win32.Build.0 = Release|Win32
		{F3FC2A53-6BF6-4AAA-8F9F-8A585BD36FDE}.Purify|x64.ActiveCfg = Release|Win32
		{F3FC2A53-6BF6-4AAA-8F9F-8A585BD36FDE}.Release|Any CPU.ActiveCfg = Release|Win32
		{F3FC2A53-6BF6-4AAA-8F9F-8A585BD36FDE}.Release|Mixed Platforms.ActiveCfg = Release|Win32
		{F3FC2A53-6BF6-4AAA-8F9F-8A585BD36FDE}.Release|Mixed Platforms.Build.0 = Release|Win32
		{F3FC2A53-6BF6-4AAA-8F9F-8A585BD36FDE}.Release|Win32.ActiveCfg = Release|Win32
		{F3FC2A53-6BF6-4AAA-8F9F-8A585BD36FDE}.Release|Win32.Build.0 = Release|Win32
		{F3FC2A53-6BF6-4AAA-8F9F-8A585BD36FDE}.Release|x64.ActiveCfg = Release|Win32
		{1FD816E4-78B0-4F14-8B44-CC19B288DA13}.Debug|Any CPU.ActiveCfg = Debug|Win32
		{1FD816E4-78B0-4F14-8B44-CC19B288DA13}.Debug|Mixed Platforms.ActiveCfg = Debug|Win32
		{1FD816E4-78B0-4F14-8B44-CC19B288DA13}.Debug|Mixed Platforms.Build.0 = Debug|Win32
		{1FD816E4-78B0-4F14-8B44-CC19B288DA13}.Debug|Win32.ActiveCfg = Debug|Win32
		{1FD816E4-78B0-4F14-8B44-CC19B288DA13}.Debug|Win32.Build.0 = Debug|Win32
		{1FD816E4-78B0-4F14-8B44-CC19B288DA13}.Debug|x64.ActiveCfg = Debug|Win32
		{1FD816E4-78B0-4F14-8B44-CC19B288DA13}.Purify|Any CPU.ActiveCfg = Release|Win32
		{1FD816E4-78B0-4F14-8B44-CC19B288DA13}.Purify|Mixed Platforms.ActiveCfg = Release|Win32
		{1FD816E4-78B0-4F14-8B44-CC19B288DA13}.Purify|Mixed Platforms.Build.0 = Release|Win32
		{1FD816E4-78B0-4F14-8B44-CC19B288DA13}.Purify|Win32.ActiveCfg = Release|Win32
		{1FD816E4-78B0-4F14-8B44-CC19B288DA13}.Purify|Win32.Build.0 = Release|Win32
		{1FD816E4-78B0-4F14-8B44-CC19B288DA13}.Purify|x64.ActiveCfg = Release|Win32
		{1FD816E4-78B0-4F14-8B44-CC19B288DA13}.Release|Any CPU.ActiveCfg = Release|Win32
		{1FD816E4-78B0-4F14-8B44-CC19B288DA13}.Release|Mixed Platforms.ActiveCfg = Release|Win32
		{1FD816E4-78B0-4F14-8B44-CC19B288DA13}.Release|Mixed Platforms.Build.0 = Release|Win32
		{1FD816E4-78B0-4F14-8B44-CC19B288DA13}.Release|Win32.ActiveCfg = Release|Win32
		{1FD816E4-78B0-4F14-8B44-CC19B288DA13}.Release|Win32.Build.0 = Release|Win32
		{1FD816E4-78B0-4F14-8B44-CC19B288DA13}.Release|x64.ActiveCfg = Release|Win32
		{A616D106-6589-4E6D-82FF-45555530F2B2}.Debug|Any CPU.ActiveCfg = Debug|Win32
		{A616D106-6589-4E6D-82FF-45555530F2B2}.Debug|Mixed Platforms.ActiveCfg = Debug|Win32
		{A616D106-6589-4E6D-82FF-45555530F2B2}.Debug|Mixed Platforms.Build.0 = Debug|Win32
		{A616D106-6589-4E6D-82FF-45555530F2B2}.Debug|Win32.ActiveCfg = Debug|Win32
		{A616D106-6589-4E6D-82FF-45555530F2B2}.Debug|Win32.Build.0 = Debug|Win32
		{A616D106-6589-4E6D-82FF-45555530F2B2}.Debug|x64.ActiveCfg = Debug|Win32
		{A616D106-6589-4E6D-82FF-45555530F2B2}.Purify|Any CPU.ActiveCfg = Release|Win32
		{A616D106-6589-4E6D-82FF-45555530F2B2}.Purify|Mixed Platforms.ActiveCfg = Release|Win32
		{A616D106-6589-4E6D-82FF-45555530F2B2}.Purify|Mixed Platforms.Build.0 = Release|Win32
		{A616D106-6589-4E6D-82FF-45555530F2B2}.Purify|Win32.ActiveCfg = Release|Win32
		{A616D106-6589-4E6D-82FF-45555530F2B2}.Purify|Win32.Build.0 = Release|Win32
		{A616D106-6589-4E6D-82FF-45555530F2B2}.Purify|x64.ActiveCfg = Release|Win32
		{A616D106-6589-4E6D-82FF-45555530F2B2}.Release|Any CPU.ActiveCfg = Release|Win32
		{A616D106-6589-4E6D-82FF-45555530F2B2}.Release|Mixed Platforms.ActiveCfg = Release|Win32
		{A616D106-6589-4E6D-82FF-45555530F2B2}.Release|Mixed Platforms.Build.0 = Release|Win32
		{A616D106-6589-4E6D-82FF-45555530F2B2}.Release|Win32.ActiveCfg = Release|Win32
		{A616D106-6589-4E6D-82FF-45555530F2B2}.Release|Win32.Build.0 = Release|Win32
		{A616D106-6589-4E6D-82FF-45555530F2B2}.Release|x64.ActiveCfg = Release|Win32
		{6259E060-E285-44C6-9156-6E0D6603A038}.Debug|Any CPU.ActiveCfg = Debug|Any CPU
		{6259E060-E285-44C6-9156-6E0D6603A038}.Debug|Any CPU.Build.0 = Debug|Any CPU
		{6259E060-E285-44C6-9156-6E0D6603A038}.Debug|Mixed Platforms.ActiveCfg = Debug|Any CPU
		{6259E060-E285-44C6-9156-6E0D6603A038}.Debug|Mixed Platforms.Build.0 = Debug|Any CPU
		{6259E060-E285-44C6-9156-6E0D6603A038}.Debug|Win32.ActiveCfg = Debug|Any CPU
		{6259E060-E285-44C6-9156-6E0D6603A038}.Debug|x64.ActiveCfg = Debug|Any CPU
		{6259E060-E285-44C6-9156-6E0D6603A038}.Purify|Any CPU.ActiveCfg = Release|Any CPU
		{6259E060-E285-44C6-9156-6E0D6603A038}.Purify|Any CPU.Build.0 = Release|Any CPU
		{6259E060-E285-44C6-9156-6E0D6603A038}.Purify|Mixed Platforms.ActiveCfg = Release|Any CPU
		{6259E060-E285-44C6-9156-6E0D6603A038}.Purify|Mixed Platforms.Build.0 = Release|Any CPU
		{6259E060-E285-44C6-9156-6E0D6603A038}.Purify|Win32.ActiveCfg = Release|Any CPU
		{6259E060-E285-44C6-9156-6E0D6603A038}.Purify|x64.ActiveCfg = Release|Any CPU
		{6259E060-E285-44C6-9156-6E0D6603A038}.Release|Any CPU.ActiveCfg = Release|Any CPU
		{6259E060-E285-44C6-9156-6E0D6603A038}.Release|Any CPU.Build.0 = Release|Any CPU
		{6259E060-E285-44C6-9156-6E0D6603A038}.Release|Mixed Platforms.ActiveCfg = Release|Any CPU
		{6259E060-E285-44C6-9156-6E0D6603A038}.Release|Mixed Platforms.Build.0 = Release|Any CPU
		{6259E060-E285-44C6-9156-6E0D6603A038}.Release|Win32.ActiveCfg = Release|Any CPU
		{6259E060-E285-44C6-9156-6E0D6603A038}.Release|x64.ActiveCfg = Release|Any CPU
		{29E58794-FD90-4C0C-9D22-775123928B01}.Debug|Any CPU.ActiveCfg = Debug|Any CPU
		{29E58794-FD90-4C0C-9D22-775123928B01}.Debug|Any CPU.Build.0 = Debug|Any CPU
		{29E58794-FD90-4C0C-9D22-775123928B01}.Debug|Mixed Platforms.ActiveCfg = Debug|Any CPU
		{29E58794-FD90-4C0C-9D22-775123928B01}.Debug|Mixed Platforms.Build.0 = Debug|Any CPU
		{29E58794-FD90-4C0C-9D22-775123928B01}.Debug|Win32.ActiveCfg = Debug|Any CPU
		{29E58794-FD90-4C0C-9D22-775123928B01}.Debug|x64.ActiveCfg = Debug|Any CPU
		{29E58794-FD90-4C0C-9D22-775123928B01}.Purify|Any CPU.ActiveCfg = Release|Any CPU
		{29E58794-FD90-4C0C-9D22-775123928B01}.Purify|Any CPU.Build.0 = Release|Any CPU
		{29E58794-FD90-4C0C-9D22-775123928B01}.Purify|Mixed Platforms.ActiveCfg = Release|Any CPU
		{29E58794-FD90-4C0C-9D22-775123928B01}.Purify|Mixed Platforms.Build.0 = Release|Any CPU
		{29E58794-FD90-4C0C-9D22-775123928B01}.Purify|Win32.ActiveCfg = Release|Any CPU
		{29E58794-FD90-4C0C-9D22-775123928B01}.Purify|x64.ActiveCfg = Release|Any CPU
		{29E58794-FD90-4C0C-9D22-775123928B01}.Release|Any CPU.ActiveCfg = Release|Any CPU
		{29E58794-FD90-4C0C-9D22-775123928B01}.Release|Any CPU.Build.0 = Release|Any CPU
		{29E58794-FD90-4C0C-9D22-775123928B01}.Release|Mixed Platforms.ActiveCfg = Release|Any CPU
		{29E58794-FD90-4C0C-9D22-775123928B01}.Release|Mixed Platforms.Build.0 = Release|Any CPU
		{29E58794-FD90-4C0C-9D22-775123928B01}.Release|Win32.ActiveCfg = Release|Any CPU
		{29E58794-FD90-4C0C-9D22-775123928B01}.Release|x64.ActiveCfg = Release|Any CPU
		{EF13C77A-1405-45BC-BA8B-7122CB81FA25}.Debug|Any CPU.ActiveCfg = Debug|Any CPU
		{EF13C77A-1405-45BC-BA8B-7122CB81FA25}.Debug|Any CPU.Build.0 = Debug|Any CPU
		{EF13C77A-1405-45BC-BA8B-7122CB81FA25}.Debug|Mixed Platforms.ActiveCfg = Debug|Any CPU
		{EF13C77A-1405-45BC-BA8B-7122CB81FA25}.Debug|Mixed Platforms.Build.0 = Debug|Any CPU
		{EF13C77A-1405-45BC-BA8B-7122CB81FA25}.Debug|Win32.ActiveCfg = Debug|Any CPU
		{EF13C77A-1405-45BC-BA8B-7122CB81FA25}.Debug|x64.ActiveCfg = Debug|Any CPU
		{EF13C77A-1405-45BC-BA8B-7122CB81FA25}.Purify|Any CPU.ActiveCfg = Release|Any CPU
		{EF13C77A-1405-45BC-BA8B-7122CB81FA25}.Purify|Any CPU.Build.0 = Release|Any CPU
		{EF13C77A-1405-45BC-BA8B-7122CB81FA25}.Purify|Mixed Platforms.ActiveCfg = Release|Any CPU
		{EF13C77A-1405-45BC-BA8B-7122CB81FA25}.Purify|Mixed Platforms.Build.0 = Release|Any CPU
		{EF13C77A-1405-45BC-BA8B-7122CB81FA25}.Purify|Win32.ActiveCfg = Release|Any CPU
		{EF13C77A-1405-45BC-BA8B-7122CB81FA25}.Purify|x64.ActiveCfg = Release|Any CPU
		{EF13C77A-1405-45BC-BA8B-7122CB81FA25}.Release|Any CPU.ActiveCfg = Release|Any CPU
		{EF13C77A-1405-45BC-BA8B-7122CB81FA25}.Release|Any CPU.Build.0 = Release|Any CPU
		{EF13C77A-1405-45BC-BA8B-7122CB81FA25}.Release|Mixed Platforms.ActiveCfg = Release|Any CPU
		{EF13C77A-1405-45BC-BA8B-7122CB81FA25}.Release|Mixed Platforms.Build.0 = Release|Any CPU
		{EF13C77A-1405-45BC-BA8B-7122CB81FA25}.Release|Win32.ActiveCfg = Release|Any CPU
		{EF13C77A-1405-45BC-BA8B-7122CB81FA25}.Release|x64.ActiveCfg = Release|Any CPU
		{E05D8615-607F-47C3-914E-7BACB5D277F0}.Debug|Any CPU.ActiveCfg = Debug|Any CPU
		{E05D8615-607F-47C3-914E-7BACB5D277F0}.Debug|Any CPU.Build.0 = Debug|Any CPU
		{E05D8615-607F-47C3-914E-7BACB5D277F0}.Debug|Mixed Platforms.ActiveCfg = Debug|Any CPU
		{E05D8615-607F-47C3-914E-7BACB5D277F0}.Debug|Mixed Platforms.Build.0 = Debug|Any CPU
		{E05D8615-607F-47C3-914E-7BACB5D277F0}.Debug|Win32.ActiveCfg = Debug|Any CPU
		{E05D8615-607F-47C3-914E-7BACB5D277F0}.Debug|x64.ActiveCfg = Debug|Any CPU
		{E05D8615-607F-47C3-914E-7BACB5D277F0}.Purify|Any CPU.ActiveCfg = Release|Any CPU
		{E05D8615-607F-47C3-914E-7BACB5D277F0}.Purify|Any CPU.Build.0 = Release|Any CPU
		{E05D8615-607F-47C3-914E-7BACB5D277F0}.Purify|Mixed Platforms.ActiveCfg = Release|Any CPU
		{E05D8615-607F-47C3-914E-7BACB5D277F0}.Purify|Mixed Platforms.Build.0 = Release|Any CPU
		{E05D8615-607F-47C3-914E-7BACB5D277F0}.Purify|Win32.ActiveCfg = Release|Any CPU
		{E05D8615-607F-47C3-914E-7BACB5D277F0}.Purify|x64.ActiveCfg = Release|Any CPU
		{E05D8615-607F-47C3-914E-7BACB5D277F0}.Release|Any CPU.ActiveCfg = Release|Any CPU
		{E05D8615-607F-47C3-914E-7BACB5D277F0}.Release|Any CPU.Build.0 = Release|Any CPU
		{E05D8615-607F-47C3-914E-7BACB5D277F0}.Release|Mixed Platforms.ActiveCfg = Release|Any CPU
		{E05D8615-607F-47C3-914E-7BACB5D277F0}.Release|Mixed Platforms.Build.0 = Release|Any CPU
		{E05D8615-607F-47C3-914E-7BACB5D277F0}.Release|Win32.ActiveCfg = Release|Any CPU
		{E05D8615-607F-47C3-914E-7BACB5D277F0}.Release|x64.ActiveCfg = Release|Any CPU
		{F049C569-88D3-46F3-9B63-1698FB0F0843}.Debug|Any CPU.ActiveCfg = Debug|Any CPU
		{F049C569-88D3-46F3-9B63-1698FB0F0843}.Debug|Any CPU.Build.0 = Debug|Any CPU
		{F049C569-88D3-46F3-9B63-1698FB0F0843}.Debug|Mixed Platforms.ActiveCfg = Debug|Any CPU
		{F049C569-88D3-46F3-9B63-1698FB0F0843}.Debug|Mixed Platforms.Build.0 = Debug|Any CPU
		{F049C569-88D3-46F3-9B63-1698FB0F0843}.Debug|Win32.ActiveCfg = Debug|Any CPU
		{F049C569-88D3-46F3-9B63-1698FB0F0843}.Debug|x64.ActiveCfg = Debug|Any CPU
		{F049C569-88D3-46F3-9B63-1698FB0F0843}.Purify|Any CPU.ActiveCfg = Release|Any CPU
		{F049C569-88D3-46F3-9B63-1698FB0F0843}.Purify|Any CPU.Build.0 = Release|Any CPU
		{F049C569-88D3-46F3-9B63-1698FB0F0843}.Purify|Mixed Platforms.ActiveCfg = Release|Any CPU
		{F049C569-88D3-46F3-9B63-1698FB0F0843}.Purify|Mixed Platforms.Build.0 = Release|Any CPU
		{F049C569-88D3-46F3-9B63-1698FB0F0843}.Purify|Win32.ActiveCfg = Release|Any CPU
		{F049C569-88D3-46F3-9B63-1698FB0F0843}.Purify|x64.ActiveCfg = Release|Any CPU
		{F049C569-88D3-46F3-9B63-1698FB0F0843}.Release|Any CPU.ActiveCfg = Release|Any CPU
		{F049C569-88D3-46F3-9B63-1698FB0F0843}.Release|Any CPU.Build.0 = Release|Any CPU
		{F049C569-88D3-46F3-9B63-1698FB0F0843}.Release|Mixed Platforms.ActiveCfg = Release|Any CPU
		{F049C569-88D3-46F3-9B63-1698FB0F0843}.Release|Mixed Platforms.Build.0 = Release|Any CPU
		{F049C569-88D3-46F3-9B63-1698FB0F0843}.Release|Win32.ActiveCfg = Release|Any CPU
		{F049C569-88D3-46F3-9B63-1698FB0F0843}.Release|x64.ActiveCfg = Release|Any CPU
	EndGlobalSection
	GlobalSection(SolutionProperties) = preSolution
		HideSolutionNode = FALSE
	EndGlobalSection
	GlobalSection(NestedProjects) = preSolution
		{D2921270-F22B-9E45-D11B-A9A9F381909F} = {A41D071B-355B-4F78-9F5A-CA911F9F487A}
		{3F75837B-F7F5-5F87-B8FE-42682C88E7F1} = {206AEE5D-EA55-424D-BFDE-F54BE59F2E15}
		{5DAE8FCF-9AF1-2A1D-C419-0C3FC6D93C7F} = {40599091-38FB-4A58-A3DE-7A2DA8B37827}
		{B984A5D6-73F4-EF0A-6117-F9116594EBB2} = {40599091-38FB-4A58-A3DE-7A2DA8B37827}
		{4ED48541-4F88-BEA7-7F51-2F7D869EF242} = {206AEE5D-EA55-424D-BFDE-F54BE59F2E15}
		{17E44D94-2795-5E37-E3A1-918C31A4DCF2} = {95DEF539-F2D5-4953-9246-901BA0370452}
		{40599091-38FB-4A58-A3DE-7A2DA8B37827} = {206AEE5D-EA55-424D-BFDE-F54BE59F2E15}
		{A41D071B-355B-4F78-9F5A-CA911F9F487A} = {206AEE5D-EA55-424D-BFDE-F54BE59F2E15}
		{95DEF539-F2D5-4953-9246-901BA0370452} = {206AEE5D-EA55-424D-BFDE-F54BE59F2E15}
		{38EE9A98-7923-4AF8-A395-81DF28821C0A} = {94A61791-995A-4D5D-AC4A-4AA6AC8BC02A}
		{D3976B05-5C04-4EF6-BA73-0BDF29AC5BCC} = {94A61791-995A-4D5D-AC4A-4AA6AC8BC02A}
		{0036B0ED-14FF-4CE6-9F11-F499A7F12ADA} = {8FEAABAE-FA34-4ECB-A5EC-C93555F6F1D0}
		{974B5C4F-E77E-4FA1-AB6C-A5B9B857FEA6} = {0C77249C-11AA-4B20-B24E-9B1BB4F6E4C6}
		{F3FC2A53-6BF6-4AAA-8F9F-8A585BD36FDE} = {0C77249C-11AA-4B20-B24E-9B1BB4F6E4C6}
		{1FD816E4-78B0-4F14-8B44-CC19B288DA13} = {0036B0ED-14FF-4CE6-9F11-F499A7F12ADA}
		{A616D106-6589-4E6D-82FF-45555530F2B2} = {0036B0ED-14FF-4CE6-9F11-F499A7F12ADA}
		{6259E060-E285-44C6-9156-6E0D6603A038} = {8FEAABAE-FA34-4ECB-A5EC-C93555F6F1D0}
		{29E58794-FD90-4C0C-9D22-775123928B01} = {8FEAABAE-FA34-4ECB-A5EC-C93555F6F1D0}
		{EF13C77A-1405-45BC-BA8B-7122CB81FA25} = {0C77249C-11AA-4B20-B24E-9B1BB4F6E4C6}
		{E05D8615-607F-47C3-914E-7BACB5D277F0} = {0C77249C-11AA-4B20-B24E-9B1BB4F6E4C6}
		{F049C569-88D3-46F3-9B63-1698FB0F0843} = {0C77249C-11AA-4B20-B24E-9B1BB4F6E4C6}
		{94A61791-995A-4D5D-AC4A-4AA6AC8BC02A} = {8FEAABAE-FA34-4ECB-A5EC-C93555F6F1D0}
	EndGlobalSection
EndGlobal
