Microsoft Visual Studio Solution File, Format Version 12.00
# Visual Studio 2013
VisualStudioVersion = 12.0.31101.0
MinimumVisualStudioVersion = 10.0.40219.1
Project("{2150E333-8FDC-42A3-9474-1A3956D46DE8}") = "(crash_generation)", "(crash_generation)", "{71054F76-E083-ED71-B3F9-3E9B872F3E9E}"
EndProject
Project("{2150E333-8FDC-42A3-9474-1A3956D46DE8}") = "(handler)", "(handler)", "{07BF0989-2B77-D3C5-75FC-813F97B41E10}"
EndProject
Project("{2150E333-8FDC-42A3-9474-1A3956D46DE8}") = "(sender)", "(sender)", "{8981176E-4A0F-CADE-30A3-5E3F3F1CDE3A}"
EndProject
Project("{2150E333-8FDC-42A3-9474-1A3956D46DE8}") = "(tests)", "(tests)", "{47EF6A04-BAE2-1AFF-696A-133DA2D057FB}"
EndProject
Project("{2150E333-8FDC-42A3-9474-1A3956D46DE8}") = "(unittests)", "(unittests)", "{68226F18-FA06-3EDF-C4A9-C8979D6B14D5}"
EndProject
Project("{8BC9CEB8-8B4A-11D0-8D11-00A0C91BC942}") = "build_all", "build_all.vcxproj", "{3F75837B-F7F5-5F87-B8FE-42682C88E7F1}"
	ProjectSection(ProjectDependencies) = postProject
		{E9AE8107-C69B-682D-EEE6-C2E2A5C60EAC} = {E9AE8107-C69B-682D-EEE6-C2E2A5C60EAC}
		{45D3791A-E816-3E63-D95C-FBBB82824164} = {45D3791A-E816-3E63-D95C-FBBB82824164}
		{D2921270-F22B-9E45-D11B-A9A9F381909F} = {D2921270-F22B-9E45-D11B-A9A9F381909F}
		{A2062678-FD54-62AD-77A8-0A4870A9A16B} = {A2062678-FD54-62AD-77A8-0A4870A9A16B}
		{A5F67682-BB28-F93B-4B08-59092D7DA92B} = {A5F67682-BB28-F93B-4B08-59092D7DA92B}
		{17E44D94-2795-5E37-E3A1-918C31A4DCF2} = {17E44D94-2795-5E37-E3A1-918C31A4DCF2}
		{5DAE8FCF-9AF1-2A1D-C419-0C3FC6D93C7F} = {5DAE8FCF-9AF1-2A1D-C419-0C3FC6D93C7F}
		{9F9BA3CF-48B4-6622-495F-A9CFECD7BA0D} = {9F9BA3CF-48B4-6622-495F-A9CFECD7BA0D}
		{B984A5D6-73F4-EF0A-6117-F9116594EBB2} = {B984A5D6-73F4-EF0A-6117-F9116594EBB2}
	EndProjectSection
EndProject
Project("{8BC9CEB8-8B4A-11D0-8D11-00A0C91BC942}") = "client_tests", "unittests\client_tests.vcxproj", "{A5F67682-BB28-F93B-4B08-59092D7DA92B}"
	ProjectSection(ProjectDependencies) = postProject
		{E9AE8107-C69B-682D-EEE6-C2E2A5C60EAC} = {E9AE8107-C69B-682D-EEE6-C2E2A5C60EAC}
		{45D3791A-E816-3E63-D95C-FBBB82824164} = {45D3791A-E816-3E63-D95C-FBBB82824164}
		{4ED48541-4F88-BEA7-7F51-2F7D869EF242} = {4ED48541-4F88-BEA7-7F51-2F7D869EF242}
		{D2921270-F22B-9E45-D11B-A9A9F381909F} = {D2921270-F22B-9E45-D11B-A9A9F381909F}
		{A2062678-FD54-62AD-77A8-0A4870A9A16B} = {A2062678-FD54-62AD-77A8-0A4870A9A16B}
		{5DAE8FCF-9AF1-2A1D-C419-0C3FC6D93C7F} = {5DAE8FCF-9AF1-2A1D-C419-0C3FC6D93C7F}
		{B984A5D6-73F4-EF0A-6117-F9116594EBB2} = {B984A5D6-73F4-EF0A-6117-F9116594EBB2}
	EndProjectSection
EndProject
Project("{8BC9CEB8-8B4A-11D0-8D11-00A0C91BC942}") = "common", "common.vcxproj", "{4ED48541-4F88-BEA7-7F51-2F7D869EF242}"
EndProject
Project("{8BC9CEB8-8B4A-11D0-8D11-00A0C91BC942}") = "crash_generation_app", "tests\crash_generation_app\crash_generation_app.vcxproj", "{9F9BA3CF-48B4-6622-495F-A9CFECD7BA0D}"
	ProjectSection(ProjectDependencies) = postProject
		{4ED48541-4F88-BEA7-7F51-2F7D869EF242} = {4ED48541-4F88-BEA7-7F51-2F7D869EF242}
		{D2921270-F22B-9E45-D11B-A9A9F381909F} = {D2921270-F22B-9E45-D11B-A9A9F381909F}
		{5DAE8FCF-9AF1-2A1D-C419-0C3FC6D93C7F} = {5DAE8FCF-9AF1-2A1D-C419-0C3FC6D93C7F}
		{B984A5D6-73F4-EF0A-6117-F9116594EBB2} = {B984A5D6-73F4-EF0A-6117-F9116594EBB2}
	EndProjectSection
EndProject
Project("{8BC9CEB8-8B4A-11D0-8D11-00A0C91BC942}") = "crash_generation_client", "crash_generation\crash_generation_client.vcxproj", "{5DAE8FCF-9AF1-2A1D-C419-0C3FC6D93C7F}"
EndProject
Project("{8BC9CEB8-8B4A-11D0-8D11-00A0C91BC942}") = "crash_generation_server", "crash_generation\crash_generation_server.vcxproj", "{B984A5D6-73F4-EF0A-6117-F9116594EBB2}"
EndProject
Project("{8BC9CEB8-8B4A-11D0-8D11-00A0C91BC942}") = "crash_report_sender", "sender\crash_report_sender.vcxproj", "{17E44D94-2795-5E37-E3A1-918C31A4DCF2}"
EndProject
Project("{8BC9CEB8-8B4A-11D0-8D11-00A0C91BC942}") = "exception_handler", "handler\exception_handler.vcxproj", "{D2921270-F22B-9E45-D11B-A9A9F381909F}"
EndProject
Project("{8BC9CEB8-8B4A-11D0-8D11-00A0C91BC942}") = "gmock", "unittests\gmock.vcxproj", "{A2062678-FD54-62AD-77A8-0A4870A9A16B}"
EndProject
Project("{8BC9CEB8-8B4A-11D0-8D11-00A0C91BC942}") = "gtest", "unittests\gtest.vcxproj", "{45D3791A-E816-3E63-D95C-FBBB82824164}"
EndProject
Project("{8BC9CEB8-8B4A-11D0-8D11-00A0C91BC942}") = "processor_bits", "unittests\processor_bits.vcxproj", "{E9AE8107-C69B-682D-EEE6-C2E2A5C60EAC}"
EndProject
Project("{8BC9CEB8-8B4A-11D0-8D11-00A0C91BC942}") = "crash_gen_testserver", "tests\crash_gen_testserver\crash_gen_testserver.vcxproj", "{D3976B05-5C04-4EF6-BA73-0BDF29AC5BCC}"
EndProject
Project("{8BC9CEB8-8B4A-11D0-8D11-00A0C91BC942}") = "crash_gen_testclient", "tests\crash_gen_testclient\crash_gen_testclient.vcxproj", "{38EE9A98-7923-4AF8-A395-81DF28821C0A}"
EndProject
Project("{8BC9CEB8-8B4A-11D0-8D11-00A0C91BC942}") = "ConsoleApplication1", "tests\ConsoleApplication1\ConsoleApplication1.vcxproj", "{74854497-ACCB-4DF8-A498-5EAD98DEC021}"
EndProject
Project("{FAE04EC0-301F-11D3-BF4B-00C04F79EFBC}") = "CSConsole", "tests\CSConsole\CSConsole.csproj", "{5547EAD5-DA9D-4A13-86CF-D3EB491BBAED}"
EndProject
Project("{8BC9CEB8-8B4A-11D0-8D11-00A0C91BC942}") = "UnmanagedCal", "tests\UnmanagedCal\UnmanagedCal.vcxproj", "{A616D106-6589-4E6D-82FF-45555530F2B2}"
EndProject
Project("{8BC9CEB8-8B4A-11D0-8D11-00A0C91BC942}") = "managedCal", "tests\managedCal\managedCal.vcxproj", "{1FD816E4-78B0-4F14-8B44-CC19B288DA13}"
EndProject
Project("{8BC9CEB8-8B4A-11D0-8D11-00A0C91BC942}") = "testWrap", "tests\testWrap\testWrap.vcxproj", "{46B9885F-F572-41CA-A722-F74C8A29549F}"
EndProject
Project("{8BC9CEB8-8B4A-11D0-8D11-00A0C91BC942}") = "analize_dump", "tests\analize_dump\analize_dump.vcxproj", "{C46B0B74-5E5D-47C4-BCE0-6C2653938C08}"
EndProject
Global
	GlobalSection(SolutionConfigurationPlatforms) = preSolution
		Debug|Any CPU = Debug|Any CPU
		Debug|Mixed Platforms = Debug|Mixed Platforms
		Debug|Win32 = Debug|Win32
		Debug|x64 = Debug|x64
		Purify|Any CPU = Purify|Any CPU
		Purify|Mixed Platforms = Purify|Mixed Platforms
		Purify|Win32 = Purify|Win32
		Purify|x64 = Purify|x64
		Release|Any CPU = Release|Any CPU
		Release|Mixed Platforms = Release|Mixed Platforms
		Release|Win32 = Release|Win32
		Release|x64 = Release|x64
	EndGlobalSection
	GlobalSection(ProjectConfigurationPlatforms) = postSolution
		{3F75837B-F7F5-5F87-B8FE-42682C88E7F1}.Debug|Any CPU.ActiveCfg = Debug|Win32
		{3F75837B-F7F5-5F87-B8FE-42682C88E7F1}.Debug|Mixed Platforms.ActiveCfg = Debug|Win32
		{3F75837B-F7F5-5F87-B8FE-42682C88E7F1}.Debug|Mixed Platforms.Build.0 = Debug|Win32
		{3F75837B-F7F5-5F87-B8FE-42682C88E7F1}.Debug|Win32.ActiveCfg = Debug|Win32
		{3F75837B-F7F5-5F87-B8FE-42682C88E7F1}.Debug|Win32.Build.0 = Debug|Win32
		{3F75837B-F7F5-5F87-B8FE-42682C88E7F1}.Debug|x64.ActiveCfg = Debug|x64
		{3F75837B-F7F5-5F87-B8FE-42682C88E7F1}.Debug|x64.Build.0 = Debug|x64
		{3F75837B-F7F5-5F87-B8FE-42682C88E7F1}.Purify|Any CPU.ActiveCfg = Purify|Win32
		{3F75837B-F7F5-5F87-B8FE-42682C88E7F1}.Purify|Mixed Platforms.ActiveCfg = Purify|Win32
		{3F75837B-F7F5-5F87-B8FE-42682C88E7F1}.Purify|Mixed Platforms.Build.0 = Purify|Win32
		{3F75837B-F7F5-5F87-B8FE-42682C88E7F1}.Purify|Win32.ActiveCfg = Purify|Win32
		{3F75837B-F7F5-5F87-B8FE-42682C88E7F1}.Purify|Win32.Build.0 = Purify|Win32
		{3F75837B-F7F5-5F87-B8FE-42682C88E7F1}.Purify|x64.ActiveCfg = Purify|x64
		{3F75837B-F7F5-5F87-B8FE-42682C88E7F1}.Purify|x64.Build.0 = Purify|x64
		{3F75837B-F7F5-5F87-B8FE-42682C88E7F1}.Release|Any CPU.ActiveCfg = Release|Win32
		{3F75837B-F7F5-5F87-B8FE-42682C88E7F1}.Release|Mixed Platforms.ActiveCfg = Release|Win32
		{3F75837B-F7F5-5F87-B8FE-42682C88E7F1}.Release|Mixed Platforms.Build.0 = Release|Win32
		{3F75837B-F7F5-5F87-B8FE-42682C88E7F1}.Release|Win32.ActiveCfg = Release|Win32
		{3F75837B-F7F5-5F87-B8FE-42682C88E7F1}.Release|Win32.Build.0 = Release|Win32
		{3F75837B-F7F5-5F87-B8FE-42682C88E7F1}.Release|x64.ActiveCfg = Release|x64
		{3F75837B-F7F5-5F87-B8FE-42682C88E7F1}.Release|x64.Build.0 = Release|x64
		{A5F67682-BB28-F93B-4B08-59092D7DA92B}.Debug|Any CPU.ActiveCfg = Debug|Win32
		{A5F67682-BB28-F93B-4B08-59092D7DA92B}.Debug|Mixed Platforms.ActiveCfg = Debug|Win32
		{A5F67682-BB28-F93B-4B08-59092D7DA92B}.Debug|Mixed Platforms.Build.0 = Debug|Win32
		{A5F67682-BB28-F93B-4B08-59092D7DA92B}.Debug|Win32.ActiveCfg = Debug|Win32
		{A5F67682-BB28-F93B-4B08-59092D7DA92B}.Debug|Win32.Build.0 = Debug|Win32
		{A5F67682-BB28-F93B-4B08-59092D7DA92B}.Debug|x64.ActiveCfg = Debug|x64
		{A5F67682-BB28-F93B-4B08-59092D7DA92B}.Debug|x64.Build.0 = Debug|x64
		{A5F67682-BB28-F93B-4B08-59092D7DA92B}.Purify|Any CPU.ActiveCfg = Purify|Win32
		{A5F67682-BB28-F93B-4B08-59092D7DA92B}.Purify|Mixed Platforms.ActiveCfg = Purify|Win32
		{A5F67682-BB28-F93B-4B08-59092D7DA92B}.Purify|Mixed Platforms.Build.0 = Purify|Win32
		{A5F67682-BB28-F93B-4B08-59092D7DA92B}.Purify|Win32.ActiveCfg = Purify|Win32
		{A5F67682-BB28-F93B-4B08-59092D7DA92B}.Purify|Win32.Build.0 = Purify|Win32
		{A5F67682-BB28-F93B-4B08-59092D7DA92B}.Purify|x64.ActiveCfg = Purify|x64
		{A5F67682-BB28-F93B-4B08-59092D7DA92B}.Purify|x64.Build.0 = Purify|x64
		{A5F67682-BB28-F93B-4B08-59092D7DA92B}.Release|Any CPU.ActiveCfg = Release|Win32
		{A5F67682-BB28-F93B-4B08-59092D7DA92B}.Release|Mixed Platforms.ActiveCfg = Release|Win32
		{A5F67682-BB28-F93B-4B08-59092D7DA92B}.Release|Mixed Platforms.Build.0 = Release|Win32
		{A5F67682-BB28-F93B-4B08-59092D7DA92B}.Release|Win32.ActiveCfg = Release|Win32
		{A5F67682-BB28-F93B-4B08-59092D7DA92B}.Release|Win32.Build.0 = Release|Win32
		{A5F67682-BB28-F93B-4B08-59092D7DA92B}.Release|x64.ActiveCfg = Release|x64
		{A5F67682-BB28-F93B-4B08-59092D7DA92B}.Release|x64.Build.0 = Release|x64
		{4ED48541-4F88-BEA7-7F51-2F7D869EF242}.Debug|Any CPU.ActiveCfg = Debug|Win32
		{4ED48541-4F88-BEA7-7F51-2F7D869EF242}.Debug|Mixed Platforms.ActiveCfg = Debug|Win32
		{4ED48541-4F88-BEA7-7F51-2F7D869EF242}.Debug|Mixed Platforms.Build.0 = Debug|Win32
		{4ED48541-4F88-BEA7-7F51-2F7D869EF242}.Debug|Win32.ActiveCfg = Debug|Win32
		{4ED48541-4F88-BEA7-7F51-2F7D869EF242}.Debug|Win32.Build.0 = Debug|Win32
		{4ED48541-4F88-BEA7-7F51-2F7D869EF242}.Debug|x64.ActiveCfg = Debug|x64
		{4ED48541-4F88-BEA7-7F51-2F7D869EF242}.Debug|x64.Build.0 = Debug|x64
		{4ED48541-4F88-BEA7-7F51-2F7D869EF242}.Purify|Any CPU.ActiveCfg = Purify|Win32
		{4ED48541-4F88-BEA7-7F51-2F7D869EF242}.Purify|Mixed Platforms.ActiveCfg = Purify|Win32
		{4ED48541-4F88-BEA7-7F51-2F7D869EF242}.Purify|Mixed Platforms.Build.0 = Purify|Win32
		{4ED48541-4F88-BEA7-7F51-2F7D869EF242}.Purify|Win32.ActiveCfg = Purify|Win32
		{4ED48541-4F88-BEA7-7F51-2F7D869EF242}.Purify|Win32.Build.0 = Purify|Win32
		{4ED48541-4F88-BEA7-7F51-2F7D869EF242}.Purify|x64.ActiveCfg = Purify|x64
		{4ED48541-4F88-BEA7-7F51-2F7D869EF242}.Purify|x64.Build.0 = Purify|x64
		{4ED48541-4F88-BEA7-7F51-2F7D869EF242}.Release|Any CPU.ActiveCfg = Release|Win32
		{4ED48541-4F88-BEA7-7F51-2F7D869EF242}.Release|Mixed Platforms.ActiveCfg = Release|Win32
		{4ED48541-4F88-BEA7-7F51-2F7D869EF242}.Release|Mixed Platforms.Build.0 = Release|Win32
		{4ED48541-4F88-BEA7-7F51-2F7D869EF242}.Release|Win32.ActiveCfg = Release|Win32
		{4ED48541-4F88-BEA7-7F51-2F7D869EF242}.Release|Win32.Build.0 = Release|Win32
		{4ED48541-4F88-BEA7-7F51-2F7D869EF242}.Release|x64.ActiveCfg = Release|x64
		{4ED48541-4F88-BEA7-7F51-2F7D869EF242}.Release|x64.Build.0 = Release|x64
		{9F9BA3CF-48B4-6622-495F-A9CFECD7BA0D}.Debug|Any CPU.ActiveCfg = Debug|Win32
		{9F9BA3CF-48B4-6622-495F-A9CFECD7BA0D}.Debug|Mixed Platforms.ActiveCfg = Debug|Win32
		{9F9BA3CF-48B4-6622-495F-A9CFECD7BA0D}.Debug|Mixed Platforms.Build.0 = Debug|Win32
		{9F9BA3CF-48B4-6622-495F-A9CFECD7BA0D}.Debug|Win32.ActiveCfg = Debug|Win32
		{9F9BA3CF-48B4-6622-495F-A9CFECD7BA0D}.Debug|Win32.Build.0 = Debug|Win32
		{9F9BA3CF-48B4-6622-495F-A9CFECD7BA0D}.Debug|x64.ActiveCfg = Debug|x64
		{9F9BA3CF-48B4-6622-495F-A9CFECD7BA0D}.Debug|x64.Build.0 = Debug|x64
		{9F9BA3CF-48B4-6622-495F-A9CFECD7BA0D}.Purify|Any CPU.ActiveCfg = Purify|Win32
		{9F9BA3CF-48B4-6622-495F-A9CFECD7BA0D}.Purify|Mixed Platforms.ActiveCfg = Purify|Win32
		{9F9BA3CF-48B4-6622-495F-A9CFECD7BA0D}.Purify|Mixed Platforms.Build.0 = Purify|Win32
		{9F9BA3CF-48B4-6622-495F-A9CFECD7BA0D}.Purify|Win32.ActiveCfg = Purify|Win32
		{9F9BA3CF-48B4-6622-495F-A9CFECD7BA0D}.Purify|Win32.Build.0 = Purify|Win32
		{9F9BA3CF-48B4-6622-495F-A9CFECD7BA0D}.Purify|x64.ActiveCfg = Purify|x64
		{9F9BA3CF-48B4-6622-495F-A9CFECD7BA0D}.Purify|x64.Build.0 = Purify|x64
		{9F9BA3CF-48B4-6622-495F-A9CFECD7BA0D}.Release|Any CPU.ActiveCfg = Release|Win32
		{9F9BA3CF-48B4-6622-495F-A9CFECD7BA0D}.Release|Mixed Platforms.ActiveCfg = Release|Win32
		{9F9BA3CF-48B4-6622-495F-A9CFECD7BA0D}.Release|Mixed Platforms.Build.0 = Release|Win32
		{9F9BA3CF-48B4-6622-495F-A9CFECD7BA0D}.Release|Win32.ActiveCfg = Release|Win32
		{9F9BA3CF-48B4-6622-495F-A9CFECD7BA0D}.Release|Win32.Build.0 = Release|Win32
		{9F9BA3CF-48B4-6622-495F-A9CFECD7BA0D}.Release|x64.ActiveCfg = Release|x64
		{9F9BA3CF-48B4-6622-495F-A9CFECD7BA0D}.Release|x64.Build.0 = Release|x64
		{5DAE8FCF-9AF1-2A1D-C419-0C3FC6D93C7F}.Debug|Any CPU.ActiveCfg = Debug|Win32
		{5DAE8FCF-9AF1-2A1D-C419-0C3FC6D93C7F}.Debug|Mixed Platforms.ActiveCfg = Debug|Win32
		{5DAE8FCF-9AF1-2A1D-C419-0C3FC6D93C7F}.Debug|Mixed Platforms.Build.0 = Debug|Win32
		{5DAE8FCF-9AF1-2A1D-C419-0C3FC6D93C7F}.Debug|Win32.ActiveCfg = Debug|Win32
		{5DAE8FCF-9AF1-2A1D-C419-0C3FC6D93C7F}.Debug|Win32.Build.0 = Debug|Win32
		{5DAE8FCF-9AF1-2A1D-C419-0C3FC6D93C7F}.Debug|x64.ActiveCfg = Debug|x64
		{5DAE8FCF-9AF1-2A1D-C419-0C3FC6D93C7F}.Debug|x64.Build.0 = Debug|x64
		{5DAE8FCF-9AF1-2A1D-C419-0C3FC6D93C7F}.Purify|Any CPU.ActiveCfg = Purify|Win32
		{5DAE8FCF-9AF1-2A1D-C419-0C3FC6D93C7F}.Purify|Mixed Platforms.ActiveCfg = Purify|Win32
		{5DAE8FCF-9AF1-2A1D-C419-0C3FC6D93C7F}.Purify|Mixed Platforms.Build.0 = Purify|Win32
		{5DAE8FCF-9AF1-2A1D-C419-0C3FC6D93C7F}.Purify|Win32.ActiveCfg = Purify|Win32
		{5DAE8FCF-9AF1-2A1D-C419-0C3FC6D93C7F}.Purify|Win32.Build.0 = Purify|Win32
		{5DAE8FCF-9AF1-2A1D-C419-0C3FC6D93C7F}.Purify|x64.ActiveCfg = Purify|x64
		{5DAE8FCF-9AF1-2A1D-C419-0C3FC6D93C7F}.Purify|x64.Build.0 = Purify|x64
		{5DAE8FCF-9AF1-2A1D-C419-0C3FC6D93C7F}.Release|Any CPU.ActiveCfg = Release|Win32
		{5DAE8FCF-9AF1-2A1D-C419-0C3FC6D93C7F}.Release|Mixed Platforms.ActiveCfg = Release|Win32
		{5DAE8FCF-9AF1-2A1D-C419-0C3FC6D93C7F}.Release|Mixed Platforms.Build.0 = Release|Win32
		{5DAE8FCF-9AF1-2A1D-C419-0C3FC6D93C7F}.Release|Win32.ActiveCfg = Release|Win32
		{5DAE8FCF-9AF1-2A1D-C419-0C3FC6D93C7F}.Release|Win32.Build.0 = Release|Win32
		{5DAE8FCF-9AF1-2A1D-C419-0C3FC6D93C7F}.Release|x64.ActiveCfg = Release|x64
		{5DAE8FCF-9AF1-2A1D-C419-0C3FC6D93C7F}.Release|x64.Build.0 = Release|x64
		{B984A5D6-73F4-EF0A-6117-F9116594EBB2}.Debug|Any CPU.ActiveCfg = Debug|Win32
		{B984A5D6-73F4-EF0A-6117-F9116594EBB2}.Debug|Mixed Platforms.ActiveCfg = Debug|Win32
		{B984A5D6-73F4-EF0A-6117-F9116594EBB2}.Debug|Mixed Platforms.Build.0 = Debug|Win32
		{B984A5D6-73F4-EF0A-6117-F9116594EBB2}.Debug|Win32.ActiveCfg = Debug|Win32
		{B984A5D6-73F4-EF0A-6117-F9116594EBB2}.Debug|Win32.Build.0 = Debug|Win32
		{B984A5D6-73F4-EF0A-6117-F9116594EBB2}.Debug|x64.ActiveCfg = Debug|x64
		{B984A5D6-73F4-EF0A-6117-F9116594EBB2}.Debug|x64.Build.0 = Debug|x64
		{B984A5D6-73F4-EF0A-6117-F9116594EBB2}.Purify|Any CPU.ActiveCfg = Purify|Win32
		{B984A5D6-73F4-EF0A-6117-F9116594EBB2}.Purify|Mixed Platforms.ActiveCfg = Purify|Win32
		{B984A5D6-73F4-EF0A-6117-F9116594EBB2}.Purify|Mixed Platforms.Build.0 = Purify|Win32
		{B984A5D6-73F4-EF0A-6117-F9116594EBB2}.Purify|Win32.ActiveCfg = Purify|Win32
		{B984A5D6-73F4-EF0A-6117-F9116594EBB2}.Purify|Win32.Build.0 = Purify|Win32
		{B984A5D6-73F4-EF0A-6117-F9116594EBB2}.Purify|x64.ActiveCfg = Purify|x64
		{B984A5D6-73F4-EF0A-6117-F9116594EBB2}.Purify|x64.Build.0 = Purify|x64
		{B984A5D6-73F4-EF0A-6117-F9116594EBB2}.Release|Any CPU.ActiveCfg = Release|Win32
		{B984A5D6-73F4-EF0A-6117-F9116594EBB2}.Release|Mixed Platforms.ActiveCfg = Release|Win32
		{B984A5D6-73F4-EF0A-6117-F9116594EBB2}.Release|Mixed Platforms.Build.0 = Release|Win32
		{B984A5D6-73F4-EF0A-6117-F9116594EBB2}.Release|Win32.ActiveCfg = Release|Win32
		{B984A5D6-73F4-EF0A-6117-F9116594EBB2}.Release|Win32.Build.0 = Release|Win32
		{B984A5D6-73F4-EF0A-6117-F9116594EBB2}.Release|x64.ActiveCfg = Release|x64
		{B984A5D6-73F4-EF0A-6117-F9116594EBB2}.Release|x64.Build.0 = Release|x64
		{17E44D94-2795-5E37-E3A1-918C31A4DCF2}.Debug|Any CPU.ActiveCfg = Debug|Win32
		{17E44D94-2795-5E37-E3A1-918C31A4DCF2}.Debug|Mixed Platforms.ActiveCfg = Debug|Win32
		{17E44D94-2795-5E37-E3A1-918C31A4DCF2}.Debug|Mixed Platforms.Build.0 = Debug|Win32
		{17E44D94-2795-5E37-E3A1-918C31A4DCF2}.Debug|Win32.ActiveCfg = Debug|Win32
		{17E44D94-2795-5E37-E3A1-918C31A4DCF2}.Debug|Win32.Build.0 = Debug|Win32
		{17E44D94-2795-5E37-E3A1-918C31A4DCF2}.Debug|x64.ActiveCfg = Debug|x64
		{17E44D94-2795-5E37-E3A1-918C31A4DCF2}.Debug|x64.Build.0 = Debug|x64
		{17E44D94-2795-5E37-E3A1-918C31A4DCF2}.Purify|Any CPU.ActiveCfg = Purify|Win32
		{17E44D94-2795-5E37-E3A1-918C31A4DCF2}.Purify|Mixed Platforms.ActiveCfg = Purify|Win32
		{17E44D94-2795-5E37-E3A1-918C31A4DCF2}.Purify|Mixed Platforms.Build.0 = Purify|Win32
		{17E44D94-2795-5E37-E3A1-918C31A4DCF2}.Purify|Win32.ActiveCfg = Purify|Win32
		{17E44D94-2795-5E37-E3A1-918C31A4DCF2}.Purify|Win32.Build.0 = Purify|Win32
		{17E44D94-2795-5E37-E3A1-918C31A4DCF2}.Purify|x64.ActiveCfg = Purify|x64
		{17E44D94-2795-5E37-E3A1-918C31A4DCF2}.Purify|x64.Build.0 = Purify|x64
		{17E44D94-2795-5E37-E3A1-918C31A4DCF2}.Release|Any CPU.ActiveCfg = Release|Win32
		{17E44D94-2795-5E37-E3A1-918C31A4DCF2}.Release|Mixed Platforms.ActiveCfg = Release|Win32
		{17E44D94-2795-5E37-E3A1-918C31A4DCF2}.Release|Mixed Platforms.Build.0 = Release|Win32
		{17E44D94-2795-5E37-E3A1-918C31A4DCF2}.Release|Win32.ActiveCfg = Release|Win32
		{17E44D94-2795-5E37-E3A1-918C31A4DCF2}.Release|Win32.Build.0 = Release|Win32
		{17E44D94-2795-5E37-E3A1-918C31A4DCF2}.Release|x64.ActiveCfg = Release|x64
		{17E44D94-2795-5E37-E3A1-918C31A4DCF2}.Release|x64.Build.0 = Release|x64
		{D2921270-F22B-9E45-D11B-A9A9F381909F}.Debug|Any CPU.ActiveCfg = Debug|Win32
		{D2921270-F22B-9E45-D11B-A9A9F381909F}.Debug|Mixed Platforms.ActiveCfg = Debug|Win32
		{D2921270-F22B-9E45-D11B-A9A9F381909F}.Debug|Mixed Platforms.Build.0 = Debug|Win32
		{D2921270-F22B-9E45-D11B-A9A9F381909F}.Debug|Win32.ActiveCfg = Debug|Win32
		{D2921270-F22B-9E45-D11B-A9A9F381909F}.Debug|Win32.Build.0 = Debug|Win32
		{D2921270-F22B-9E45-D11B-A9A9F381909F}.Debug|x64.ActiveCfg = Debug|x64
		{D2921270-F22B-9E45-D11B-A9A9F381909F}.Debug|x64.Build.0 = Debug|x64
		{D2921270-F22B-9E45-D11B-A9A9F381909F}.Purify|Any CPU.ActiveCfg = Purify|Win32
		{D2921270-F22B-9E45-D11B-A9A9F381909F}.Purify|Mixed Platforms.ActiveCfg = Purify|Win32
		{D2921270-F22B-9E45-D11B-A9A9F381909F}.Purify|Mixed Platforms.Build.0 = Purify|Win32
		{D2921270-F22B-9E45-D11B-A9A9F381909F}.Purify|Win32.ActiveCfg = Purify|Win32
		{D2921270-F22B-9E45-D11B-A9A9F381909F}.Purify|Win32.Build.0 = Purify|Win32
		{D2921270-F22B-9E45-D11B-A9A9F381909F}.Purify|x64.ActiveCfg = Purify|x64
		{D2921270-F22B-9E45-D11B-A9A9F381909F}.Purify|x64.Build.0 = Purify|x64
		{D2921270-F22B-9E45-D11B-A9A9F381909F}.Release|Any CPU.ActiveCfg = Release|Win32
		{D2921270-F22B-9E45-D11B-A9A9F381909F}.Release|Mixed Platforms.ActiveCfg = Release|Win32
		{D2921270-F22B-9E45-D11B-A9A9F381909F}.Release|Mixed Platforms.Build.0 = Release|Win32
		{D2921270-F22B-9E45-D11B-A9A9F381909F}.Release|Win32.ActiveCfg = Release|Win32
		{D2921270-F22B-9E45-D11B-A9A9F381909F}.Release|Win32.Build.0 = Release|Win32
		{D2921270-F22B-9E45-D11B-A9A9F381909F}.Release|x64.ActiveCfg = Release|x64
		{D2921270-F22B-9E45-D11B-A9A9F381909F}.Release|x64.Build.0 = Release|x64
		{A2062678-FD54-62AD-77A8-0A4870A9A16B}.Debug|Any CPU.ActiveCfg = Debug|Win32
		{A2062678-FD54-62AD-77A8-0A4870A9A16B}.Debug|Mixed Platforms.ActiveCfg = Debug|Win32
		{A2062678-FD54-62AD-77A8-0A4870A9A16B}.Debug|Mixed Platforms.Build.0 = Debug|Win32
		{A2062678-FD54-62AD-77A8-0A4870A9A16B}.Debug|Win32.ActiveCfg = Debug|Win32
		{A2062678-FD54-62AD-77A8-0A4870A9A16B}.Debug|Win32.Build.0 = Debug|Win32
		{A2062678-FD54-62AD-77A8-0A4870A9A16B}.Debug|x64.ActiveCfg = Debug|x64
		{A2062678-FD54-62AD-77A8-0A4870A9A16B}.Debug|x64.Build.0 = Debug|x64
		{A2062678-FD54-62AD-77A8-0A4870A9A16B}.Purify|Any CPU.ActiveCfg = Purify|Win32
		{A2062678-FD54-62AD-77A8-0A4870A9A16B}.Purify|Mixed Platforms.ActiveCfg = Purify|Win32
		{A2062678-FD54-62AD-77A8-0A4870A9A16B}.Purify|Mixed Platforms.Build.0 = Purify|Win32
		{A2062678-FD54-62AD-77A8-0A4870A9A16B}.Purify|Win32.ActiveCfg = Purify|Win32
		{A2062678-FD54-62AD-77A8-0A4870A9A16B}.Purify|Win32.Build.0 = Purify|Win32
		{A2062678-FD54-62AD-77A8-0A4870A9A16B}.Purify|x64.ActiveCfg = Purify|x64
		{A2062678-FD54-62AD-77A8-0A4870A9A16B}.Purify|x64.Build.0 = Purify|x64
		{A2062678-FD54-62AD-77A8-0A4870A9A16B}.Release|Any CPU.ActiveCfg = Release|Win32
		{A2062678-FD54-62AD-77A8-0A4870A9A16B}.Release|Mixed Platforms.ActiveCfg = Release|Win32
		{A2062678-FD54-62AD-77A8-0A4870A9A16B}.Release|Mixed Platforms.Build.0 = Release|Win32
		{A2062678-FD54-62AD-77A8-0A4870A9A16B}.Release|Win32.ActiveCfg = Release|Win32
		{A2062678-FD54-62AD-77A8-0A4870A9A16B}.Release|Win32.Build.0 = Release|Win32
		{A2062678-FD54-62AD-77A8-0A4870A9A16B}.Release|x64.ActiveCfg = Release|x64
		{A2062678-FD54-62AD-77A8-0A4870A9A16B}.Release|x64.Build.0 = Release|x64
		{45D3791A-E816-3E63-D95C-FBBB82824164}.Debug|Any CPU.ActiveCfg = Debug|Win32
		{45D3791A-E816-3E63-D95C-FBBB82824164}.Debug|Mixed Platforms.ActiveCfg = Debug|Win32
		{45D3791A-E816-3E63-D95C-FBBB82824164}.Debug|Mixed Platforms.Build.0 = Debug|Win32
		{45D3791A-E816-3E63-D95C-FBBB82824164}.Debug|Win32.ActiveCfg = Debug|Win32
		{45D3791A-E816-3E63-D95C-FBBB82824164}.Debug|Win32.Build.0 = Debug|Win32
		{45D3791A-E816-3E63-D95C-FBBB82824164}.Debug|x64.ActiveCfg = Debug|x64
		{45D3791A-E816-3E63-D95C-FBBB82824164}.Debug|x64.Build.0 = Debug|x64
		{45D3791A-E816-3E63-D95C-FBBB82824164}.Purify|Any CPU.ActiveCfg = Purify|Win32
		{45D3791A-E816-3E63-D95C-FBBB82824164}.Purify|Mixed Platforms.ActiveCfg = Purify|Win32
		{45D3791A-E816-3E63-D95C-FBBB82824164}.Purify|Mixed Platforms.Build.0 = Purify|Win32
		{45D3791A-E816-3E63-D95C-FBBB82824164}.Purify|Win32.ActiveCfg = Purify|Win32
		{45D3791A-E816-3E63-D95C-FBBB82824164}.Purify|Win32.Build.0 = Purify|Win32
		{45D3791A-E816-3E63-D95C-FBBB82824164}.Purify|x64.ActiveCfg = Purify|x64
		{45D3791A-E816-3E63-D95C-FBBB82824164}.Purify|x64.Build.0 = Purify|x64
		{45D3791A-E816-3E63-D95C-FBBB82824164}.Release|Any CPU.ActiveCfg = Release|Win32
		{45D3791A-E816-3E63-D95C-FBBB82824164}.Release|Mixed Platforms.ActiveCfg = Release|Win32
		{45D3791A-E816-3E63-D95C-FBBB82824164}.Release|Mixed Platforms.Build.0 = Release|Win32
		{45D3791A-E816-3E63-D95C-FBBB82824164}.Release|Win32.ActiveCfg = Release|Win32
		{45D3791A-E816-3E63-D95C-FBBB82824164}.Release|Win32.Build.0 = Release|Win32
		{45D3791A-E816-3E63-D95C-FBBB82824164}.Release|x64.ActiveCfg = Release|x64
		{45D3791A-E816-3E63-D95C-FBBB82824164}.Release|x64.Build.0 = Release|x64
		{E9AE8107-C69B-682D-EEE6-C2E2A5C60EAC}.Debug|Any CPU.ActiveCfg = Debug|Win32
		{E9AE8107-C69B-682D-EEE6-C2E2A5C60EAC}.Debug|Mixed Platforms.ActiveCfg = Debug|Win32
		{E9AE8107-C69B-682D-EEE6-C2E2A5C60EAC}.Debug|Mixed Platforms.Build.0 = Debug|Win32
		{E9AE8107-C69B-682D-EEE6-C2E2A5C60EAC}.Debug|Win32.ActiveCfg = Debug|Win32
		{E9AE8107-C69B-682D-EEE6-C2E2A5C60EAC}.Debug|Win32.Build.0 = Debug|Win32
		{E9AE8107-C69B-682D-EEE6-C2E2A5C60EAC}.Debug|x64.ActiveCfg = Debug|x64
		{E9AE8107-C69B-682D-EEE6-C2E2A5C60EAC}.Debug|x64.Build.0 = Debug|x64
		{E9AE8107-C69B-682D-EEE6-C2E2A5C60EAC}.Purify|Any CPU.ActiveCfg = Purify|Win32
		{E9AE8107-C69B-682D-EEE6-C2E2A5C60EAC}.Purify|Mixed Platforms.ActiveCfg = Purify|Win32
		{E9AE8107-C69B-682D-EEE6-C2E2A5C60EAC}.Purify|Mixed Platforms.Build.0 = Purify|Win32
		{E9AE8107-C69B-682D-EEE6-C2E2A5C60EAC}.Purify|Win32.ActiveCfg = Purify|Win32
		{E9AE8107-C69B-682D-EEE6-C2E2A5C60EAC}.Purify|Win32.Build.0 = Purify|Win32
		{E9AE8107-C69B-682D-EEE6-C2E2A5C60EAC}.Purify|x64.ActiveCfg = Purify|x64
		{E9AE8107-C69B-682D-EEE6-C2E2A5C60EAC}.Purify|x64.Build.0 = Purify|x64
		{E9AE8107-C69B-682D-EEE6-C2E2A5C60EAC}.Release|Any CPU.ActiveCfg = Release|Win32
		{E9AE8107-C69B-682D-EEE6-C2E2A5C60EAC}.Release|Mixed Platforms.ActiveCfg = Release|Win32
		{E9AE8107-C69B-682D-EEE6-C2E2A5C60EAC}.Release|Mixed Platforms.Build.0 = Release|Win32
		{E9AE8107-C69B-682D-EEE6-C2E2A5C60EAC}.Release|Win32.ActiveCfg = Release|Win32
		{E9AE8107-C69B-682D-EEE6-C2E2A5C60EAC}.Release|Win32.Build.0 = Release|Win32
		{E9AE8107-C69B-682D-EEE6-C2E2A5C60EAC}.Release|x64.ActiveCfg = Release|x64
		{E9AE8107-C69B-682D-EEE6-C2E2A5C60EAC}.Release|x64.Build.0 = Release|x64
		{D3976B05-5C04-4EF6-BA73-0BDF29AC5BCC}.Debug|Any CPU.ActiveCfg = Debug|Win32
		{D3976B05-5C04-4EF6-BA73-0BDF29AC5BCC}.Debug|Mixed Platforms.ActiveCfg = Debug|Win32
		{D3976B05-5C04-4EF6-BA73-0BDF29AC5BCC}.Debug|Mixed Platforms.Build.0 = Debug|Win32
		{D3976B05-5C04-4EF6-BA73-0BDF29AC5BCC}.Debug|Win32.ActiveCfg = Debug|Win32
		{D3976B05-5C04-4EF6-BA73-0BDF29AC5BCC}.Debug|Win32.Build.0 = Debug|Win32
		{D3976B05-5C04-4EF6-BA73-0BDF29AC5BCC}.Debug|x64.ActiveCfg = Debug|Win32
		{D3976B05-5C04-4EF6-BA73-0BDF29AC5BCC}.Purify|Any CPU.ActiveCfg = Release|Win32
		{D3976B05-5C04-4EF6-BA73-0BDF29AC5BCC}.Purify|Mixed Platforms.ActiveCfg = Release|Win32
		{D3976B05-5C04-4EF6-BA73-0BDF29AC5BCC}.Purify|Mixed Platforms.Build.0 = Release|Win32
		{D3976B05-5C04-4EF6-BA73-0BDF29AC5BCC}.Purify|Win32.ActiveCfg = Release|Win32
		{D3976B05-5C04-4EF6-BA73-0BDF29AC5BCC}.Purify|Win32.Build.0 = Release|Win32
		{D3976B05-5C04-4EF6-BA73-0BDF29AC5BCC}.Purify|x64.ActiveCfg = Release|Win32
		{D3976B05-5C04-4EF6-BA73-0BDF29AC5BCC}.Release|Any CPU.ActiveCfg = Release|Win32
		{D3976B05-5C04-4EF6-BA73-0BDF29AC5BCC}.Release|Mixed Platforms.ActiveCfg = Release|Win32
		{D3976B05-5C04-4EF6-BA73-0BDF29AC5BCC}.Release|Mixed Platforms.Build.0 = Release|Win32
		{D3976B05-5C04-4EF6-BA73-0BDF29AC5BCC}.Release|Win32.ActiveCfg = Release|Win32
		{D3976B05-5C04-4EF6-BA73-0BDF29AC5BCC}.Release|Win32.Build.0 = Release|Win32
		{D3976B05-5C04-4EF6-BA73-0BDF29AC5BCC}.Release|x64.ActiveCfg = Release|Win32
		{38EE9A98-7923-4AF8-A395-81DF28821C0A}.Debug|Any CPU.ActiveCfg = Debug|Win32
		{38EE9A98-7923-4AF8-A395-81DF28821C0A}.Debug|Mixed Platforms.ActiveCfg = Debug|Win32
		{38EE9A98-7923-4AF8-A395-81DF28821C0A}.Debug|Mixed Platforms.Build.0 = Debug|Win32
		{38EE9A98-7923-4AF8-A395-81DF28821C0A}.Debug|Win32.ActiveCfg = Debug|Win32
		{38EE9A98-7923-4AF8-A395-81DF28821C0A}.Debug|Win32.Build.0 = Debug|Win32
		{38EE9A98-7923-4AF8-A395-81DF28821C0A}.Debug|x64.ActiveCfg = Debug|Win32
		{38EE9A98-7923-4AF8-A395-81DF28821C0A}.Purify|Any CPU.ActiveCfg = Release|Win32
		{38EE9A98-7923-4AF8-A395-81DF28821C0A}.Purify|Mixed Platforms.ActiveCfg = Release|Win32
		{38EE9A98-7923-4AF8-A395-81DF28821C0A}.Purify|Mixed Platforms.Build.0 = Release|Win32
		{38EE9A98-7923-4AF8-A395-81DF28821C0A}.Purify|Win32.ActiveCfg = Release|Win32
		{38EE9A98-7923-4AF8-A395-81DF28821C0A}.Purify|Win32.Build.0 = Release|Win32
		{38EE9A98-7923-4AF8-A395-81DF28821C0A}.Purify|x64.ActiveCfg = Release|Win32
		{38EE9A98-7923-4AF8-A395-81DF28821C0A}.Release|Any CPU.ActiveCfg = Release|Win32
		{38EE9A98-7923-4AF8-A395-81DF28821C0A}.Release|Mixed Platforms.ActiveCfg = Release|Win32
		{38EE9A98-7923-4AF8-A395-81DF28821C0A}.Release|Mixed Platforms.Build.0 = Release|Win32
		{38EE9A98-7923-4AF8-A395-81DF28821C0A}.Release|Win32.ActiveCfg = Release|Win32
		{38EE9A98-7923-4AF8-A395-81DF28821C0A}.Release|Win32.Build.0 = Release|Win32
		{38EE9A98-7923-4AF8-A395-81DF28821C0A}.Release|x64.ActiveCfg = Release|Win32
		{74854497-ACCB-4DF8-A498-5EAD98DEC021}.Debug|Any CPU.ActiveCfg = Debug|Win32
		{74854497-ACCB-4DF8-A498-5EAD98DEC021}.Debug|Mixed Platforms.ActiveCfg = Debug|Win32
		{74854497-ACCB-4DF8-A498-5EAD98DEC021}.Debug|Mixed Platforms.Build.0 = Debug|Win32
		{74854497-ACCB-4DF8-A498-5EAD98DEC021}.Debug|Win32.ActiveCfg = Debug|Win32
		{74854497-ACCB-4DF8-A498-5EAD98DEC021}.Debug|Win32.Build.0 = Debug|Win32
		{74854497-ACCB-4DF8-A498-5EAD98DEC021}.Debug|x64.ActiveCfg = Debug|Win32
		{74854497-ACCB-4DF8-A498-5EAD98DEC021}.Purify|Any CPU.ActiveCfg = Release|Win32
		{74854497-ACCB-4DF8-A498-5EAD98DEC021}.Purify|Mixed Platforms.ActiveCfg = Release|Win32
		{74854497-ACCB-4DF8-A498-5EAD98DEC021}.Purify|Mixed Platforms.Build.0 = Release|Win32
		{74854497-ACCB-4DF8-A498-5EAD98DEC021}.Purify|Win32.ActiveCfg = Release|Win32
		{74854497-ACCB-4DF8-A498-5EAD98DEC021}.Purify|Win32.Build.0 = Release|Win32
		{74854497-ACCB-4DF8-A498-5EAD98DEC021}.Purify|x64.ActiveCfg = Release|Win32
		{74854497-ACCB-4DF8-A498-5EAD98DEC021}.Release|Any CPU.ActiveCfg = Release|Win32
		{74854497-ACCB-4DF8-A498-5EAD98DEC021}.Release|Mixed Platforms.ActiveCfg = Release|Win32
		{74854497-ACCB-4DF8-A498-5EAD98DEC021}.Release|Mixed Platforms.Build.0 = Release|Win32
		{74854497-ACCB-4DF8-A498-5EAD98DEC021}.Release|Win32.ActiveCfg = Release|Win32
		{74854497-ACCB-4DF8-A498-5EAD98DEC021}.Release|Win32.Build.0 = Release|Win32
		{74854497-ACCB-4DF8-A498-5EAD98DEC021}.Release|x64.ActiveCfg = Release|Win32
		{5547EAD5-DA9D-4A13-86CF-D3EB491BBAED}.Debug|Any CPU.ActiveCfg = Debug|Any CPU
		{5547EAD5-DA9D-4A13-86CF-D3EB491BBAED}.Debug|Any CPU.Build.0 = Debug|Any CPU
		{5547EAD5-DA9D-4A13-86CF-D3EB491BBAED}.Debug|Mixed Platforms.ActiveCfg = Debug|Any CPU
		{5547EAD5-DA9D-4A13-86CF-D3EB491BBAED}.Debug|Mixed Platforms.Build.0 = Debug|Any CPU
		{5547EAD5-DA9D-4A13-86CF-D3EB491BBAED}.Debug|Win32.ActiveCfg = Debug|Any CPU
		{5547EAD5-DA9D-4A13-86CF-D3EB491BBAED}.Debug|x64.ActiveCfg = Debug|Any CPU
		{5547EAD5-DA9D-4A13-86CF-D3EB491BBAED}.Purify|Any CPU.ActiveCfg = Release|Any CPU
		{5547EAD5-DA9D-4A13-86CF-D3EB491BBAED}.Purify|Any CPU.Build.0 = Release|Any CPU
		{5547EAD5-DA9D-4A13-86CF-D3EB491BBAED}.Purify|Mixed Platforms.ActiveCfg = Release|Any CPU
		{5547EAD5-DA9D-4A13-86CF-D3EB491BBAED}.Purify|Mixed Platforms.Build.0 = Release|Any CPU
		{5547EAD5-DA9D-4A13-86CF-D3EB491BBAED}.Purify|Win32.ActiveCfg = Release|Any CPU
		{5547EAD5-DA9D-4A13-86CF-D3EB491BBAED}.Purify|x64.ActiveCfg = Release|Any CPU
		{5547EAD5-DA9D-4A13-86CF-D3EB491BBAED}.Release|Any CPU.ActiveCfg = Release|Any CPU
		{5547EAD5-DA9D-4A13-86CF-D3EB491BBAED}.Release|Any CPU.Build.0 = Release|Any CPU
		{5547EAD5-DA9D-4A13-86CF-D3EB491BBAED}.Release|Mixed Platforms.ActiveCfg = Release|Any CPU
		{5547EAD5-DA9D-4A13-86CF-D3EB491BBAED}.Release|Mixed Platforms.Build.0 = Release|Any CPU
		{5547EAD5-DA9D-4A13-86CF-D3EB491BBAED}.Release|Win32.ActiveCfg = Release|Any CPU
		{5547EAD5-DA9D-4A13-86CF-D3EB491BBAED}.Release|x64.ActiveCfg = Release|Any CPU
		{A616D106-6589-4E6D-82FF-45555530F2B2}.Debug|Any CPU.ActiveCfg = Debug|Win32
		{A616D106-6589-4E6D-82FF-45555530F2B2}.Debug|Mixed Platforms.ActiveCfg = Debug|Win32
		{A616D106-6589-4E6D-82FF-45555530F2B2}.Debug|Mixed Platforms.Build.0 = Debug|Win32
		{A616D106-6589-4E6D-82FF-45555530F2B2}.Debug|Win32.ActiveCfg = Debug|Win32
		{A616D106-6589-4E6D-82FF-45555530F2B2}.Debug|Win32.Build.0 = Debug|Win32
		{A616D106-6589-4E6D-82FF-45555530F2B2}.Debug|x64.ActiveCfg = Debug|Win32
		{A616D106-6589-4E6D-82FF-45555530F2B2}.Purify|Any CPU.ActiveCfg = Release|Win32
		{A616D106-6589-4E6D-82FF-45555530F2B2}.Purify|Mixed Platforms.ActiveCfg = Release|Win32
		{A616D106-6589-4E6D-82FF-45555530F2B2}.Purify|Mixed Platforms.Build.0 = Release|Win32
		{A616D106-6589-4E6D-82FF-45555530F2B2}.Purify|Win32.ActiveCfg = Release|Win32
		{A616D106-6589-4E6D-82FF-45555530F2B2}.Purify|Win32.Build.0 = Release|Win32
		{A616D106-6589-4E6D-82FF-45555530F2B2}.Purify|x64.ActiveCfg = Release|Win32
		{A616D106-6589-4E6D-82FF-45555530F2B2}.Release|Any CPU.ActiveCfg = Release|Win32
		{A616D106-6589-4E6D-82FF-45555530F2B2}.Release|Mixed Platforms.ActiveCfg = Release|Win32
		{A616D106-6589-4E6D-82FF-45555530F2B2}.Release|Mixed Platforms.Build.0 = Release|Win32
		{A616D106-6589-4E6D-82FF-45555530F2B2}.Release|Win32.ActiveCfg = Release|Win32
		{A616D106-6589-4E6D-82FF-45555530F2B2}.Release|Win32.Build.0 = Release|Win32
		{A616D106-6589-4E6D-82FF-45555530F2B2}.Release|x64.ActiveCfg = Release|Win32
		{1FD816E4-78B0-4F14-8B44-CC19B288DA13}.Debug|Any CPU.ActiveCfg = Debug|Win32
		{1FD816E4-78B0-4F14-8B44-CC19B288DA13}.Debug|Mixed Platforms.ActiveCfg = Debug|Win32
		{1FD816E4-78B0-4F14-8B44-CC19B288DA13}.Debug|Mixed Platforms.Build.0 = Debug|Win32
		{1FD816E4-78B0-4F14-8B44-CC19B288DA13}.Debug|Win32.ActiveCfg = Debug|Win32
		{1FD816E4-78B0-4F14-8B44-CC19B288DA13}.Debug|Win32.Build.0 = Debug|Win32
		{1FD816E4-78B0-4F14-8B44-CC19B288DA13}.Debug|x64.ActiveCfg = Debug|Win32
		{1FD816E4-78B0-4F14-8B44-CC19B288DA13}.Purify|Any CPU.ActiveCfg = Release|Win32
		{1FD816E4-78B0-4F14-8B44-CC19B288DA13}.Purify|Mixed Platforms.ActiveCfg = Release|Win32
		{1FD816E4-78B0-4F14-8B44-CC19B288DA13}.Purify|Mixed Platforms.Build.0 = Release|Win32
		{1FD816E4-78B0-4F14-8B44-CC19B288DA13}.Purify|Win32.ActiveCfg = Release|Win32
		{1FD816E4-78B0-4F14-8B44-CC19B288DA13}.Purify|Win32.Build.0 = Release|Win32
		{1FD816E4-78B0-4F14-8B44-CC19B288DA13}.Purify|x64.ActiveCfg = Release|Win32
		{1FD816E4-78B0-4F14-8B44-CC19B288DA13}.Release|Any CPU.ActiveCfg = Release|Win32
		{1FD816E4-78B0-4F14-8B44-CC19B288DA13}.Release|Mixed Platforms.ActiveCfg = Release|Win32
		{1FD816E4-78B0-4F14-8B44-CC19B288DA13}.Release|Mixed Platforms.Build.0 = Release|Win32
		{1FD816E4-78B0-4F14-8B44-CC19B288DA13}.Release|Win32.ActiveCfg = Release|Win32
		{1FD816E4-78B0-4F14-8B44-CC19B288DA13}.Release|Win32.Build.0 = Release|Win32
		{1FD816E4-78B0-4F14-8B44-CC19B288DA13}.Release|x64.ActiveCfg = Release|Win32
		{46B9885F-F572-41CA-A722-F74C8A29549F}.Debug|Any CPU.ActiveCfg = Debug|Win32
		{46B9885F-F572-41CA-A722-F74C8A29549F}.Debug|Mixed Platforms.ActiveCfg = Debug|Win32
		{46B9885F-F572-41CA-A722-F74C8A29549F}.Debug|Mixed Platforms.Build.0 = Debug|Win32
		{46B9885F-F572-41CA-A722-F74C8A29549F}.Debug|Win32.ActiveCfg = Debug|Win32
		{46B9885F-F572-41CA-A722-F74C8A29549F}.Debug|Win32.Build.0 = Debug|Win32
		{46B9885F-F572-41CA-A722-F74C8A29549F}.Debug|x64.ActiveCfg = Debug|Win32
		{46B9885F-F572-41CA-A722-F74C8A29549F}.Purify|Any CPU.ActiveCfg = Release|Win32
		{46B9885F-F572-41CA-A722-F74C8A29549F}.Purify|Mixed Platforms.ActiveCfg = Release|Win32
		{46B9885F-F572-41CA-A722-F74C8A29549F}.Purify|Mixed Platforms.Build.0 = Release|Win32
		{46B9885F-F572-41CA-A722-F74C8A29549F}.Purify|Win32.ActiveCfg = Release|Win32
		{46B9885F-F572-41CA-A722-F74C8A29549F}.Purify|Win32.Build.0 = Release|Win32
		{46B9885F-F572-41CA-A722-F74C8A29549F}.Purify|x64.ActiveCfg = Release|Win32
		{46B9885F-F572-41CA-A722-F74C8A29549F}.Release|Any CPU.ActiveCfg = Release|Win32
		{46B9885F-F572-41CA-A722-F74C8A29549F}.Release|Mixed Platforms.ActiveCfg = Release|Win32
		{46B9885F-F572-41CA-A722-F74C8A29549F}.Release|Mixed Platforms.Build.0 = Release|Win32
		{46B9885F-F572-41CA-A722-F74C8A29549F}.Release|Win32.ActiveCfg = Release|Win32
		{46B9885F-F572-41CA-A722-F74C8A29549F}.Release|Win32.Build.0 = Release|Win32
		{46B9885F-F572-41CA-A722-F74C8A29549F}.Release|x64.ActiveCfg = Release|Win32
		{C46B0B74-5E5D-47C4-BCE0-6C2653938C08}.Debug|Any CPU.ActiveCfg = Debug|Win32
		{C46B0B74-5E5D-47C4-BCE0-6C2653938C08}.Debug|Mixed Platforms.ActiveCfg = Debug|Win32
		{C46B0B74-5E5D-47C4-BCE0-6C2653938C08}.Debug|Mixed Platforms.Build.0 = Debug|Win32
		{C46B0B74-5E5D-47C4-BCE0-6C2653938C08}.Debug|Win32.ActiveCfg = Debug|Win32
		{C46B0B74-5E5D-47C4-BCE0-6C2653938C08}.Debug|Win32.Build.0 = Debug|Win32
		{C46B0B74-5E5D-47C4-BCE0-6C2653938C08}.Debug|x64.ActiveCfg = Debug|Win32
		{C46B0B74-5E5D-47C4-BCE0-6C2653938C08}.Purify|Any CPU.ActiveCfg = Release|Win32
		{C46B0B74-5E5D-47C4-BCE0-6C2653938C08}.Purify|Mixed Platforms.ActiveCfg = Release|Win32
		{C46B0B74-5E5D-47C4-BCE0-6C2653938C08}.Purify|Mixed Platforms.Build.0 = Release|Win32
		{C46B0B74-5E5D-47C4-BCE0-6C2653938C08}.Purify|Win32.ActiveCfg = Release|Win32
		{C46B0B74-5E5D-47C4-BCE0-6C2653938C08}.Purify|Win32.Build.0 = Release|Win32
		{C46B0B74-5E5D-47C4-BCE0-6C2653938C08}.Purify|x64.ActiveCfg = Release|Win32
		{C46B0B74-5E5D-47C4-BCE0-6C2653938C08}.Release|Any CPU.ActiveCfg = Release|Win32
		{C46B0B74-5E5D-47C4-BCE0-6C2653938C08}.Release|Mixed Platforms.ActiveCfg = Release|Win32
		{C46B0B74-5E5D-47C4-BCE0-6C2653938C08}.Release|Mixed Platforms.Build.0 = Release|Win32
		{C46B0B74-5E5D-47C4-BCE0-6C2653938C08}.Release|Win32.ActiveCfg = Release|Win32
		{C46B0B74-5E5D-47C4-BCE0-6C2653938C08}.Release|Win32.Build.0 = Release|Win32
		{C46B0B74-5E5D-47C4-BCE0-6C2653938C08}.Release|x64.ActiveCfg = Release|Win32
	EndGlobalSection
	GlobalSection(SolutionProperties) = preSolution
		HideSolutionNode = FALSE
	EndGlobalSection
	GlobalSection(NestedProjects) = preSolution
		{A5F67682-BB28-F93B-4B08-59092D7DA92B} = {68226F18-FA06-3EDF-C4A9-C8979D6B14D5}
		{9F9BA3CF-48B4-6622-495F-A9CFECD7BA0D} = {47EF6A04-BAE2-1AFF-696A-133DA2D057FB}
		{5DAE8FCF-9AF1-2A1D-C419-0C3FC6D93C7F} = {71054F76-E083-ED71-B3F9-3E9B872F3E9E}
		{B984A5D6-73F4-EF0A-6117-F9116594EBB2} = {71054F76-E083-ED71-B3F9-3E9B872F3E9E}
		{17E44D94-2795-5E37-E3A1-918C31A4DCF2} = {8981176E-4A0F-CADE-30A3-5E3F3F1CDE3A}
		{D2921270-F22B-9E45-D11B-A9A9F381909F} = {07BF0989-2B77-D3C5-75FC-813F97B41E10}
		{A2062678-FD54-62AD-77A8-0A4870A9A16B} = {68226F18-FA06-3EDF-C4A9-C8979D6B14D5}
		{45D3791A-E816-3E63-D95C-FBBB82824164} = {68226F18-FA06-3EDF-C4A9-C8979D6B14D5}
		{E9AE8107-C69B-682D-EEE6-C2E2A5C60EAC} = {68226F18-FA06-3EDF-C4A9-C8979D6B14D5}
		{D3976B05-5C04-4EF6-BA73-0BDF29AC5BCC} = {47EF6A04-BAE2-1AFF-696A-133DA2D057FB}
		{38EE9A98-7923-4AF8-A395-81DF28821C0A} = {47EF6A04-BAE2-1AFF-696A-133DA2D057FB}
		{74854497-ACCB-4DF8-A498-5EAD98DEC021} = {47EF6A04-BAE2-1AFF-696A-133DA2D057FB}
		{5547EAD5-DA9D-4A13-86CF-D3EB491BBAED} = {47EF6A04-BAE2-1AFF-696A-133DA2D057FB}
		{A616D106-6589-4E6D-82FF-45555530F2B2} = {47EF6A04-BAE2-1AFF-696A-133DA2D057FB}
		{1FD816E4-78B0-4F14-8B44-CC19B288DA13} = {47EF6A04-BAE2-1AFF-696A-133DA2D057FB}
		{46B9885F-F572-41CA-A722-F74C8A29549F} = {47EF6A04-BAE2-1AFF-696A-133DA2D057FB}
		{C46B0B74-5E5D-47C4-BCE0-6C2653938C08} = {47EF6A04-BAE2-1AFF-696A-133DA2D057FB}
	EndGlobalSection
EndGlobal
